// !$*UTF8*$!
{
	archiveVersion = 1;
	classes = {
	};
	objectVersion = 56;
	objects = {

/* Begin PBXBuildFile section */
		390BB76A2BBCA51F0052257E /* SplashView.swift in Sources */ = {isa = PBXBuildFile; fileRef = 390BB7692BBCA51F0052257E /* SplashView.swift */; };
		390BB76D2BBCA8BE0052257E /* SplashViewModel.swift in Sources */ = {isa = PBXBuildFile; fileRef = 390BB76C2BBCA8BE0052257E /* SplashViewModel.swift */; };
		390BB76F2BBCA9D30052257E /* SplashWireFrame.swift in Sources */ = {isa = PBXBuildFile; fileRef = 390BB76E2BBCA9D30052257E /* SplashWireFrame.swift */; };
		39228FDD2BAC701F00C91F40 /* DoggysApp.swift in Sources */ = {isa = PBXBuildFile; fileRef = 39228FDC2BAC701F00C91F40 /* DoggysApp.swift */; };
		39228FDF2BAC701F00C91F40 /* LoginView.swift in Sources */ = {isa = PBXBuildFile; fileRef = 39228FDE2BAC701F00C91F40 /* LoginView.swift */; };
		39228FE12BAC702100C91F40 /* Assets.xcassets in Resources */ = {isa = PBXBuildFile; fileRef = 39228FE02BAC702100C91F40 /* Assets.xcassets */; };
		39228FE42BAC702100C91F40 /* Preview Assets.xcassets in Resources */ = {isa = PBXBuildFile; fileRef = 39228FE32BAC702100C91F40 /* Preview Assets.xcassets */; };
		39228FEE2BAC702100C91F40 /* DoggysTests.swift in Sources */ = {isa = PBXBuildFile; fileRef = 39228FED2BAC702100C91F40 /* DoggysTests.swift */; };
		39228FF82BAC702100C91F40 /* DoggysUITests.swift in Sources */ = {isa = PBXBuildFile; fileRef = 39228FF72BAC702100C91F40 /* DoggysUITests.swift */; };
		39228FFA2BAC702100C91F40 /* DoggysUITestsLaunchTests.swift in Sources */ = {isa = PBXBuildFile; fileRef = 39228FF92BAC702100C91F40 /* DoggysUITestsLaunchTests.swift */; };
		397B93DA2BB353C20030D77E /* TextFieldView.swift in Sources */ = {isa = PBXBuildFile; fileRef = 397B93D92BB353C20030D77E /* TextFieldView.swift */; };
		397B93DC2BB3560C0030D77E /* SecureTextFieldView.swift in Sources */ = {isa = PBXBuildFile; fileRef = 397B93DB2BB3560C0030D77E /* SecureTextFieldView.swift */; };
		399BE5332BB9791B00AC323C /* LoginViewModel.swift in Sources */ = {isa = PBXBuildFile; fileRef = 399BE5322BB9791B00AC323C /* LoginViewModel.swift */; };
		399BE5352BB979A600AC323C /* LoginWireFrame.swift in Sources */ = {isa = PBXBuildFile; fileRef = 399BE5342BB979A600AC323C /* LoginWireFrame.swift */; };
		399BE5372BB979B900AC323C /* LoginAPIClient.swift in Sources */ = {isa = PBXBuildFile; fileRef = 399BE5362BB979B900AC323C /* LoginAPIClient.swift */; };
		399BE5392BB979CF00AC323C /* LoginDataManager.swift in Sources */ = {isa = PBXBuildFile; fileRef = 399BE5382BB979CF00AC323C /* LoginDataManager.swift */; };
		399BE53B2BBA8A7600AC323C /* LogoView.swift in Sources */ = {isa = PBXBuildFile; fileRef = 399BE53A2BBA8A7600AC323C /* LogoView.swift */; };
		39ADE2582BC29863007A6702 /* LogoHeader.swift in Sources */ = {isa = PBXBuildFile; fileRef = 39ADE2572BC29863007A6702 /* LogoHeader.swift */; };
		39ADE25B2BC299D8007A6702 /* ButtonLabel.swift in Sources */ = {isa = PBXBuildFile; fileRef = 39ADE25A2BC299D8007A6702 /* ButtonLabel.swift */; };
		A92BF8D12BC073B3004AA875 /* ProfileViewModel.swift in Sources */ = {isa = PBXBuildFile; fileRef = A92BF8D02BC073B3004AA875 /* ProfileViewModel.swift */; };
		A92BF8D32BC073C2004AA875 /* ProfileWireFrame.swift in Sources */ = {isa = PBXBuildFile; fileRef = A92BF8D22BC073C2004AA875 /* ProfileWireFrame.swift */; };
		A932073A2BB48E170068D9C2 /* FirebaseAuthViewModel.swift in Sources */ = {isa = PBXBuildFile; fileRef = A93207392BB48E170068D9C2 /* FirebaseAuthViewModel.swift */; };
		A932073C2BB48F860068D9C2 /* AuthProtocol.swift in Sources */ = {isa = PBXBuildFile; fileRef = A932073B2BB48F860068D9C2 /* AuthProtocol.swift */; };
		A932073F2BB48FB40068D9C2 /* User.swift in Sources */ = {isa = PBXBuildFile; fileRef = A932073E2BB48FB40068D9C2 /* User.swift */; };
		A93207452BB4A9C90068D9C2 /* FireBaseLogViewModel.swift in Sources */ = {isa = PBXBuildFile; fileRef = A93207442BB4A9C90068D9C2 /* FireBaseLogViewModel.swift */; };
		A93207472BB4A9E30068D9C2 /* LogProtocol.swift in Sources */ = {isa = PBXBuildFile; fileRef = A93207462BB4A9E30068D9C2 /* LogProtocol.swift */; };
		A932074D2BB4ABE40068D9C2 /* AuthViewModelEnvironmentKey.swift in Sources */ = {isa = PBXBuildFile; fileRef = A932074C2BB4ABE30068D9C2 /* AuthViewModelEnvironmentKey.swift */; };
		A932074F2BB4AC100068D9C2 /* LogViewModelEnvironmentKey.swift in Sources */ = {isa = PBXBuildFile; fileRef = A932074E2BB4AC100068D9C2 /* LogViewModelEnvironmentKey.swift */; };
		A973E23F2BB182F900BDF917 /* ColorsApp.swift in Sources */ = {isa = PBXBuildFile; fileRef = A973E23E2BB182F900BDF917 /* ColorsApp.swift */; };
		A9C47F002BBDE03E0044ED5F /* RegisterWireFrame.swift in Sources */ = {isa = PBXBuildFile; fileRef = A9C47EFF2BBDE03E0044ED5F /* RegisterWireFrame.swift */; };
		A9C47F022BBE93FC0044ED5F /* RecoveryWireFrame.swift in Sources */ = {isa = PBXBuildFile; fileRef = A9C47F012BBE93FC0044ED5F /* RecoveryWireFrame.swift */; };
		A9C47F052BBFE9B90044ED5F /* ProfileView.swift in Sources */ = {isa = PBXBuildFile; fileRef = A9C47F042BBFE9B90044ED5F /* ProfileView.swift */; };
		A9CC34932BC3DFDA00E1599A /* MapView.swift in Sources */ = {isa = PBXBuildFile; fileRef = A9CC34922BC3DFDA00E1599A /* MapView.swift */; };
		A9CC34952BC3DFE800E1599A /* MapViewModel.swift in Sources */ = {isa = PBXBuildFile; fileRef = A9CC34942BC3DFE800E1599A /* MapViewModel.swift */; };
		A9CC34972BC3DFF400E1599A /* MapWireFrame.swift in Sources */ = {isa = PBXBuildFile; fileRef = A9CC34962BC3DFF400E1599A /* MapWireFrame.swift */; };
		A9EDD0CD2BBBF9250052D03C /* RegisterView.swift in Sources */ = {isa = PBXBuildFile; fileRef = A9EDD0CC2BBBF9250052D03C /* RegisterView.swift */; };
		A9EDD0D02BBC153E0052D03C /* RegisterViewModel.swift in Sources */ = {isa = PBXBuildFile; fileRef = A9EDD0CF2BBC153E0052D03C /* RegisterViewModel.swift */; };
		A9EDD0D32BBC16470052D03C /* RecoveryPasswordView.swift in Sources */ = {isa = PBXBuildFile; fileRef = A9EDD0D22BBC16470052D03C /* RecoveryPasswordView.swift */; };
		A9EDD0D52BBC19310052D03C /* RecoveryPasswordViewModel.swift in Sources */ = {isa = PBXBuildFile; fileRef = A9EDD0D42BBC19310052D03C /* RecoveryPasswordViewModel.swift */; };
		A9EDD0D72BBC21620052D03C /* LogoAppDetailView.swift in Sources */ = {isa = PBXBuildFile; fileRef = A9EDD0D62BBC21620052D03C /* LogoAppDetailView.swift */; };
		A9F98C912BB34C22004E9451 /* FirebaseAnalytics in Frameworks */ = {isa = PBXBuildFile; productRef = A9F98C902BB34C22004E9451 /* FirebaseAnalytics */; };
		A9F98C932BB34C22004E9451 /* FirebaseAnalyticsOnDeviceConversion in Frameworks */ = {isa = PBXBuildFile; productRef = A9F98C922BB34C22004E9451 /* FirebaseAnalyticsOnDeviceConversion */; };
		A9F98C952BB34C22004E9451 /* FirebaseAnalyticsSwift in Frameworks */ = {isa = PBXBuildFile; productRef = A9F98C942BB34C22004E9451 /* FirebaseAnalyticsSwift */; };
		A9F98C972BB34C22004E9451 /* FirebaseAnalyticsWithoutAdIdSupport in Frameworks */ = {isa = PBXBuildFile; productRef = A9F98C962BB34C22004E9451 /* FirebaseAnalyticsWithoutAdIdSupport */; };
		A9F98C992BB34C22004E9451 /* FirebaseAppCheck in Frameworks */ = {isa = PBXBuildFile; productRef = A9F98C982BB34C22004E9451 /* FirebaseAppCheck */; };
		A9F98C9B2BB34C22004E9451 /* FirebaseAppDistribution-Beta in Frameworks */ = {isa = PBXBuildFile; productRef = A9F98C9A2BB34C22004E9451 /* FirebaseAppDistribution-Beta */; };
		A9F98C9D2BB34C22004E9451 /* FirebaseAuth in Frameworks */ = {isa = PBXBuildFile; productRef = A9F98C9C2BB34C22004E9451 /* FirebaseAuth */; };
		A9F98C9F2BB34C22004E9451 /* FirebaseAuthCombine-Community in Frameworks */ = {isa = PBXBuildFile; productRef = A9F98C9E2BB34C22004E9451 /* FirebaseAuthCombine-Community */; };
		A9F98CA12BB34C22004E9451 /* FirebaseCrashlytics in Frameworks */ = {isa = PBXBuildFile; productRef = A9F98CA02BB34C22004E9451 /* FirebaseCrashlytics */; };
		A9F98CA32BB34C22004E9451 /* FirebaseDatabase in Frameworks */ = {isa = PBXBuildFile; productRef = A9F98CA22BB34C22004E9451 /* FirebaseDatabase */; };
		A9F98CA52BB34C22004E9451 /* FirebaseDatabaseSwift in Frameworks */ = {isa = PBXBuildFile; productRef = A9F98CA42BB34C22004E9451 /* FirebaseDatabaseSwift */; };
		A9F98CA72BB34C22004E9451 /* FirebaseDynamicLinks in Frameworks */ = {isa = PBXBuildFile; productRef = A9F98CA62BB34C22004E9451 /* FirebaseDynamicLinks */; };
		A9F98CA92BB34C22004E9451 /* FirebaseFirestore in Frameworks */ = {isa = PBXBuildFile; productRef = A9F98CA82BB34C22004E9451 /* FirebaseFirestore */; };
		A9F98CAB2BB34C22004E9451 /* FirebaseFirestoreCombine-Community in Frameworks */ = {isa = PBXBuildFile; productRef = A9F98CAA2BB34C22004E9451 /* FirebaseFirestoreCombine-Community */; };
		A9F98CAD2BB34C22004E9451 /* FirebaseFirestoreSwift in Frameworks */ = {isa = PBXBuildFile; productRef = A9F98CAC2BB34C22004E9451 /* FirebaseFirestoreSwift */; };
		A9F98CAF2BB34C22004E9451 /* FirebaseFunctions in Frameworks */ = {isa = PBXBuildFile; productRef = A9F98CAE2BB34C22004E9451 /* FirebaseFunctions */; };
		A9F98CB12BB34C22004E9451 /* FirebaseFunctionsCombine-Community in Frameworks */ = {isa = PBXBuildFile; productRef = A9F98CB02BB34C22004E9451 /* FirebaseFunctionsCombine-Community */; };
		A9F98CB32BB34C22004E9451 /* FirebaseInAppMessaging-Beta in Frameworks */ = {isa = PBXBuildFile; productRef = A9F98CB22BB34C22004E9451 /* FirebaseInAppMessaging-Beta */; };
		A9F98CB52BB34C22004E9451 /* FirebaseInAppMessagingSwift-Beta in Frameworks */ = {isa = PBXBuildFile; productRef = A9F98CB42BB34C22004E9451 /* FirebaseInAppMessagingSwift-Beta */; };
		A9F98CB72BB34C22004E9451 /* FirebaseInstallations in Frameworks */ = {isa = PBXBuildFile; productRef = A9F98CB62BB34C22004E9451 /* FirebaseInstallations */; };
		A9F98CB92BB34C22004E9451 /* FirebaseMLModelDownloader in Frameworks */ = {isa = PBXBuildFile; productRef = A9F98CB82BB34C22004E9451 /* FirebaseMLModelDownloader */; };
		A9F98CBB2BB34C22004E9451 /* FirebaseMessaging in Frameworks */ = {isa = PBXBuildFile; productRef = A9F98CBA2BB34C22004E9451 /* FirebaseMessaging */; };
		A9F98CBD2BB34C22004E9451 /* FirebasePerformance in Frameworks */ = {isa = PBXBuildFile; productRef = A9F98CBC2BB34C22004E9451 /* FirebasePerformance */; };
		A9F98CBF2BB34C22004E9451 /* FirebaseRemoteConfig in Frameworks */ = {isa = PBXBuildFile; productRef = A9F98CBE2BB34C22004E9451 /* FirebaseRemoteConfig */; };
		A9F98CC12BB34C22004E9451 /* FirebaseRemoteConfigSwift in Frameworks */ = {isa = PBXBuildFile; productRef = A9F98CC02BB34C22004E9451 /* FirebaseRemoteConfigSwift */; };
		A9F98CC32BB34C22004E9451 /* FirebaseStorage in Frameworks */ = {isa = PBXBuildFile; productRef = A9F98CC22BB34C22004E9451 /* FirebaseStorage */; };
		A9F98CC52BB34C22004E9451 /* FirebaseStorageCombine-Community in Frameworks */ = {isa = PBXBuildFile; productRef = A9F98CC42BB34C22004E9451 /* FirebaseStorageCombine-Community */; };
		A9F98CC72BB34CD6004E9451 /* GoogleService-Info.plist in Resources */ = {isa = PBXBuildFile; fileRef = A9F98CC62BB34CD6004E9451 /* GoogleService-Info.plist */; };
/* End PBXBuildFile section */

/* Begin PBXContainerItemProxy section */
		39228FEA2BAC702100C91F40 /* PBXContainerItemProxy */ = {
			isa = PBXContainerItemProxy;
			containerPortal = 39228FD12BAC701E00C91F40 /* Project object */;
			proxyType = 1;
			remoteGlobalIDString = 39228FD82BAC701F00C91F40;
			remoteInfo = Doggys;
		};
		39228FF42BAC702100C91F40 /* PBXContainerItemProxy */ = {
			isa = PBXContainerItemProxy;
			containerPortal = 39228FD12BAC701E00C91F40 /* Project object */;
			proxyType = 1;
			remoteGlobalIDString = 39228FD82BAC701F00C91F40;
			remoteInfo = Doggys;
		};
/* End PBXContainerItemProxy section */

/* Begin PBXFileReference section */
		390BB7692BBCA51F0052257E /* SplashView.swift */ = {isa = PBXFileReference; lastKnownFileType = sourcecode.swift; path = SplashView.swift; sourceTree = "<group>"; };
		390BB76C2BBCA8BE0052257E /* SplashViewModel.swift */ = {isa = PBXFileReference; lastKnownFileType = sourcecode.swift; path = SplashViewModel.swift; sourceTree = "<group>"; };
		390BB76E2BBCA9D30052257E /* SplashWireFrame.swift */ = {isa = PBXFileReference; lastKnownFileType = sourcecode.swift; path = SplashWireFrame.swift; sourceTree = "<group>"; };
		39228FD92BAC701F00C91F40 /* Doggys.app */ = {isa = PBXFileReference; explicitFileType = wrapper.application; includeInIndex = 0; path = Doggys.app; sourceTree = BUILT_PRODUCTS_DIR; };
		39228FDC2BAC701F00C91F40 /* DoggysApp.swift */ = {isa = PBXFileReference; lastKnownFileType = sourcecode.swift; path = DoggysApp.swift; sourceTree = "<group>"; };
		39228FDE2BAC701F00C91F40 /* LoginView.swift */ = {isa = PBXFileReference; lastKnownFileType = sourcecode.swift; path = LoginView.swift; sourceTree = "<group>"; };
		39228FE02BAC702100C91F40 /* Assets.xcassets */ = {isa = PBXFileReference; lastKnownFileType = folder.assetcatalog; path = Assets.xcassets; sourceTree = "<group>"; };
		39228FE32BAC702100C91F40 /* Preview Assets.xcassets */ = {isa = PBXFileReference; lastKnownFileType = folder.assetcatalog; path = "Preview Assets.xcassets"; sourceTree = "<group>"; };
		39228FE92BAC702100C91F40 /* DoggysTests.xctest */ = {isa = PBXFileReference; explicitFileType = wrapper.cfbundle; includeInIndex = 0; path = DoggysTests.xctest; sourceTree = BUILT_PRODUCTS_DIR; };
		39228FED2BAC702100C91F40 /* DoggysTests.swift */ = {isa = PBXFileReference; lastKnownFileType = sourcecode.swift; path = DoggysTests.swift; sourceTree = "<group>"; };
		39228FF32BAC702100C91F40 /* DoggysUITests.xctest */ = {isa = PBXFileReference; explicitFileType = wrapper.cfbundle; includeInIndex = 0; path = DoggysUITests.xctest; sourceTree = BUILT_PRODUCTS_DIR; };
		39228FF72BAC702100C91F40 /* DoggysUITests.swift */ = {isa = PBXFileReference; lastKnownFileType = sourcecode.swift; path = DoggysUITests.swift; sourceTree = "<group>"; };
		39228FF92BAC702100C91F40 /* DoggysUITestsLaunchTests.swift */ = {isa = PBXFileReference; lastKnownFileType = sourcecode.swift; path = DoggysUITestsLaunchTests.swift; sourceTree = "<group>"; };
		397B93D92BB353C20030D77E /* TextFieldView.swift */ = {isa = PBXFileReference; lastKnownFileType = sourcecode.swift; path = TextFieldView.swift; sourceTree = "<group>"; };
		397B93DB2BB3560C0030D77E /* SecureTextFieldView.swift */ = {isa = PBXFileReference; lastKnownFileType = sourcecode.swift; path = SecureTextFieldView.swift; sourceTree = "<group>"; };
		399BE5322BB9791B00AC323C /* LoginViewModel.swift */ = {isa = PBXFileReference; lastKnownFileType = sourcecode.swift; path = LoginViewModel.swift; sourceTree = "<group>"; };
		399BE5342BB979A600AC323C /* LoginWireFrame.swift */ = {isa = PBXFileReference; lastKnownFileType = sourcecode.swift; path = LoginWireFrame.swift; sourceTree = "<group>"; };
		399BE5362BB979B900AC323C /* LoginAPIClient.swift */ = {isa = PBXFileReference; lastKnownFileType = sourcecode.swift; path = LoginAPIClient.swift; sourceTree = "<group>"; };
		399BE5382BB979CF00AC323C /* LoginDataManager.swift */ = {isa = PBXFileReference; lastKnownFileType = sourcecode.swift; path = LoginDataManager.swift; sourceTree = "<group>"; };
		399BE53A2BBA8A7600AC323C /* LogoView.swift */ = {isa = PBXFileReference; lastKnownFileType = sourcecode.swift; path = LogoView.swift; sourceTree = "<group>"; };
		39ADE2572BC29863007A6702 /* LogoHeader.swift */ = {isa = PBXFileReference; lastKnownFileType = sourcecode.swift; path = LogoHeader.swift; sourceTree = "<group>"; };
		39ADE25A2BC299D8007A6702 /* ButtonLabel.swift */ = {isa = PBXFileReference; lastKnownFileType = sourcecode.swift; path = ButtonLabel.swift; sourceTree = "<group>"; };
		A92BF8D02BC073B3004AA875 /* ProfileViewModel.swift */ = {isa = PBXFileReference; lastKnownFileType = sourcecode.swift; path = ProfileViewModel.swift; sourceTree = "<group>"; };
		A92BF8D22BC073C2004AA875 /* ProfileWireFrame.swift */ = {isa = PBXFileReference; lastKnownFileType = sourcecode.swift; path = ProfileWireFrame.swift; sourceTree = "<group>"; };
		A93207392BB48E170068D9C2 /* FirebaseAuthViewModel.swift */ = {isa = PBXFileReference; lastKnownFileType = sourcecode.swift; path = FirebaseAuthViewModel.swift; sourceTree = "<group>"; };
		A932073B2BB48F860068D9C2 /* AuthProtocol.swift */ = {isa = PBXFileReference; lastKnownFileType = sourcecode.swift; path = AuthProtocol.swift; sourceTree = "<group>"; };
		A932073E2BB48FB40068D9C2 /* User.swift */ = {isa = PBXFileReference; lastKnownFileType = sourcecode.swift; path = User.swift; sourceTree = "<group>"; };
		A93207442BB4A9C90068D9C2 /* FireBaseLogViewModel.swift */ = {isa = PBXFileReference; lastKnownFileType = sourcecode.swift; path = FireBaseLogViewModel.swift; sourceTree = "<group>"; };
		A93207462BB4A9E30068D9C2 /* LogProtocol.swift */ = {isa = PBXFileReference; lastKnownFileType = sourcecode.swift; path = LogProtocol.swift; sourceTree = "<group>"; };
		A932074C2BB4ABE30068D9C2 /* AuthViewModelEnvironmentKey.swift */ = {isa = PBXFileReference; fileEncoding = 4; lastKnownFileType = sourcecode.swift; path = AuthViewModelEnvironmentKey.swift; sourceTree = "<group>"; };
		A932074E2BB4AC100068D9C2 /* LogViewModelEnvironmentKey.swift */ = {isa = PBXFileReference; lastKnownFileType = sourcecode.swift; path = LogViewModelEnvironmentKey.swift; sourceTree = "<group>"; };
		A973E23E2BB182F900BDF917 /* ColorsApp.swift */ = {isa = PBXFileReference; lastKnownFileType = sourcecode.swift; path = ColorsApp.swift; sourceTree = "<group>"; };
		A9C47EFF2BBDE03E0044ED5F /* RegisterWireFrame.swift */ = {isa = PBXFileReference; lastKnownFileType = sourcecode.swift; path = RegisterWireFrame.swift; sourceTree = "<group>"; };
		A9C47F012BBE93FC0044ED5F /* RecoveryWireFrame.swift */ = {isa = PBXFileReference; lastKnownFileType = sourcecode.swift; path = RecoveryWireFrame.swift; sourceTree = "<group>"; };
		A9C47F042BBFE9B90044ED5F /* ProfileView.swift */ = {isa = PBXFileReference; lastKnownFileType = sourcecode.swift; path = ProfileView.swift; sourceTree = "<group>"; };
		A9CC34922BC3DFDA00E1599A /* MapView.swift */ = {isa = PBXFileReference; lastKnownFileType = sourcecode.swift; path = MapView.swift; sourceTree = "<group>"; };
		A9CC34942BC3DFE800E1599A /* MapViewModel.swift */ = {isa = PBXFileReference; lastKnownFileType = sourcecode.swift; path = MapViewModel.swift; sourceTree = "<group>"; };
		A9CC34962BC3DFF400E1599A /* MapWireFrame.swift */ = {isa = PBXFileReference; lastKnownFileType = sourcecode.swift; path = MapWireFrame.swift; sourceTree = "<group>"; };
		A9EDD0CC2BBBF9250052D03C /* RegisterView.swift */ = {isa = PBXFileReference; lastKnownFileType = sourcecode.swift; path = RegisterView.swift; sourceTree = "<group>"; };
		A9EDD0CF2BBC153E0052D03C /* RegisterViewModel.swift */ = {isa = PBXFileReference; lastKnownFileType = sourcecode.swift; path = RegisterViewModel.swift; sourceTree = "<group>"; };
		A9EDD0D22BBC16470052D03C /* RecoveryPasswordView.swift */ = {isa = PBXFileReference; lastKnownFileType = sourcecode.swift; path = RecoveryPasswordView.swift; sourceTree = "<group>"; };
		A9EDD0D42BBC19310052D03C /* RecoveryPasswordViewModel.swift */ = {isa = PBXFileReference; lastKnownFileType = sourcecode.swift; path = RecoveryPasswordViewModel.swift; sourceTree = "<group>"; };
		A9EDD0D62BBC21620052D03C /* LogoAppDetailView.swift */ = {isa = PBXFileReference; lastKnownFileType = sourcecode.swift; path = LogoAppDetailView.swift; sourceTree = "<group>"; };
		A9F98CC62BB34CD6004E9451 /* GoogleService-Info.plist */ = {isa = PBXFileReference; fileEncoding = 4; lastKnownFileType = text.plist.xml; path = "GoogleService-Info.plist"; sourceTree = "<group>"; };
/* End PBXFileReference section */

/* Begin PBXFrameworksBuildPhase section */
		39228FD62BAC701F00C91F40 /* Frameworks */ = {
			isa = PBXFrameworksBuildPhase;
			buildActionMask = 2147483647;
			files = (
				A9F98CA32BB34C22004E9451 /* FirebaseDatabase in Frameworks */,
				A9F98CB12BB34C22004E9451 /* FirebaseFunctionsCombine-Community in Frameworks */,
				A9F98CA92BB34C22004E9451 /* FirebaseFirestore in Frameworks */,
				A9F98C952BB34C22004E9451 /* FirebaseAnalyticsSwift in Frameworks */,
				A9F98C912BB34C22004E9451 /* FirebaseAnalytics in Frameworks */,
				A9F98C932BB34C22004E9451 /* FirebaseAnalyticsOnDeviceConversion in Frameworks */,
				A9F98CB92BB34C22004E9451 /* FirebaseMLModelDownloader in Frameworks */,
				A9F98CAD2BB34C22004E9451 /* FirebaseFirestoreSwift in Frameworks */,
				A9F98C992BB34C22004E9451 /* FirebaseAppCheck in Frameworks */,
				A9F98C972BB34C22004E9451 /* FirebaseAnalyticsWithoutAdIdSupport in Frameworks */,
				A9F98C9D2BB34C22004E9451 /* FirebaseAuth in Frameworks */,
				A9F98CA12BB34C22004E9451 /* FirebaseCrashlytics in Frameworks */,
				A9F98CC12BB34C22004E9451 /* FirebaseRemoteConfigSwift in Frameworks */,
				A9F98CB32BB34C22004E9451 /* FirebaseInAppMessaging-Beta in Frameworks */,
				A9F98CA52BB34C22004E9451 /* FirebaseDatabaseSwift in Frameworks */,
				A9F98CAF2BB34C22004E9451 /* FirebaseFunctions in Frameworks */,
				A9F98CC52BB34C22004E9451 /* FirebaseStorageCombine-Community in Frameworks */,
				A9F98CBF2BB34C22004E9451 /* FirebaseRemoteConfig in Frameworks */,
				A9F98C9B2BB34C22004E9451 /* FirebaseAppDistribution-Beta in Frameworks */,
				A9F98C9F2BB34C22004E9451 /* FirebaseAuthCombine-Community in Frameworks */,
				A9F98CBD2BB34C22004E9451 /* FirebasePerformance in Frameworks */,
				A9F98CB52BB34C22004E9451 /* FirebaseInAppMessagingSwift-Beta in Frameworks */,
				A9F98CC32BB34C22004E9451 /* FirebaseStorage in Frameworks */,
				A9F98CA72BB34C22004E9451 /* FirebaseDynamicLinks in Frameworks */,
				A9F98CAB2BB34C22004E9451 /* FirebaseFirestoreCombine-Community in Frameworks */,
				A9F98CBB2BB34C22004E9451 /* FirebaseMessaging in Frameworks */,
				A9F98CB72BB34C22004E9451 /* FirebaseInstallations in Frameworks */,
			);
			runOnlyForDeploymentPostprocessing = 0;
		};
		39228FE62BAC702100C91F40 /* Frameworks */ = {
			isa = PBXFrameworksBuildPhase;
			buildActionMask = 2147483647;
			files = (
			);
			runOnlyForDeploymentPostprocessing = 0;
		};
		39228FF02BAC702100C91F40 /* Frameworks */ = {
			isa = PBXFrameworksBuildPhase;
			buildActionMask = 2147483647;
			files = (
			);
			runOnlyForDeploymentPostprocessing = 0;
		};
/* End PBXFrameworksBuildPhase section */

/* Begin PBXGroup section */
		390BB76B2BBCA5260052257E /* Splash */ = {
			isa = PBXGroup;
			children = (
				390BB7692BBCA51F0052257E /* SplashView.swift */,
				390BB76C2BBCA8BE0052257E /* SplashViewModel.swift */,
				390BB76E2BBCA9D30052257E /* SplashWireFrame.swift */,
			);
			path = Splash;
			sourceTree = "<group>";
		};
		39228FD02BAC701E00C91F40 = {
			isa = PBXGroup;
			children = (
				39228FDB2BAC701F00C91F40 /* Doggys */,
				A9B53B8E2BB33687000AD215 /* Suporting Files */,
				39228FEC2BAC702100C91F40 /* DoggysTests */,
				39228FF62BAC702100C91F40 /* DoggysUITests */,
				39228FDA2BAC701F00C91F40 /* Products */,
			);
			sourceTree = "<group>";
		};
		39228FDA2BAC701F00C91F40 /* Products */ = {
			isa = PBXGroup;
			children = (
				39228FD92BAC701F00C91F40 /* Doggys.app */,
				39228FE92BAC702100C91F40 /* DoggysTests.xctest */,
				39228FF32BAC702100C91F40 /* DoggysUITests.xctest */,
			);
			name = Products;
			sourceTree = "<group>";
		};
		39228FDB2BAC701F00C91F40 /* Doggys */ = {
			isa = PBXGroup;
			children = (
				A9B53B8F2BB336A3000AD215 /* App */,
				39D9D83B2BB710C900B5331A /* Domanin */,
				39D9D83C2BB7114100B5331A /* UI */,
				39228FE22BAC702100C91F40 /* Preview Content */,
			);
			path = Doggys;
			sourceTree = "<group>";
		};
		39228FE22BAC702100C91F40 /* Preview Content */ = {
			isa = PBXGroup;
			children = (
				39228FE32BAC702100C91F40 /* Preview Assets.xcassets */,
			);
			path = "Preview Content";
			sourceTree = "<group>";
		};
		39228FEC2BAC702100C91F40 /* DoggysTests */ = {
			isa = PBXGroup;
			children = (
				39228FED2BAC702100C91F40 /* DoggysTests.swift */,
			);
			path = DoggysTests;
			sourceTree = "<group>";
		};
		39228FF62BAC702100C91F40 /* DoggysUITests */ = {
			isa = PBXGroup;
			children = (
				39228FF72BAC702100C91F40 /* DoggysUITests.swift */,
				39228FF92BAC702100C91F40 /* DoggysUITestsLaunchTests.swift */,
			);
			path = DoggysUITests;
			sourceTree = "<group>";
		};
		397B93D82BB3539A0030D77E /* ToolViews */ = {
			isa = PBXGroup;
			children = (
				397B93D92BB353C20030D77E /* TextFieldView.swift */,
				397B93DB2BB3560C0030D77E /* SecureTextFieldView.swift */,
				A9EDD0D62BBC21620052D03C /* LogoAppDetailView.swift */,
			);
			path = ToolViews;
			sourceTree = "<group>";
		};
		399BE5312BB976B600AC323C /* Assets */ = {
			isa = PBXGroup;
			children = (
				A973E23D2BB182EB00BDF917 /* Tools */,
			);
			path = Assets;
			sourceTree = "<group>";
		};
		39ADE2592BC298EB007A6702 /* Components */ = {
			isa = PBXGroup;
			children = (
				397B93D82BB3539A0030D77E /* ToolViews */,
				39ADE2572BC29863007A6702 /* LogoHeader.swift */,
				399BE53A2BBA8A7600AC323C /* LogoView.swift */,
				39ADE25A2BC299D8007A6702 /* ButtonLabel.swift */,
			);
			path = Components;
			sourceTree = "<group>";
		};
		39D9D83B2BB710C900B5331A /* Domanin */ = {
			isa = PBXGroup;
			children = (
				399BE5312BB976B600AC323C /* Assets */,
				39228FE02BAC702100C91F40 /* Assets.xcassets */,
				A932073D2BB48FA90068D9C2 /* Models */,
				A93207402BB49D110068D9C2 /* Protocols */,
				A932074B2BB4ABE30068D9C2 /* Environment */,
				A93207502BB4B0110068D9C2 /* ViewModels */,
			);
			path = Domanin;
			sourceTree = "<group>";
		};
		39D9D83C2BB7114100B5331A /* UI */ = {
			isa = PBXGroup;
			children = (
				39ADE2592BC298EB007A6702 /* Components */,
				390BB76B2BBCA5260052257E /* Splash */,
				A9EDD0D12BBC16310052D03C /* Recovery */,
				A9EDD0CE2BBC150C0052D03C /* Register */,
				A9B53B902BB336AC000AD215 /* Login */,
				A9C47F032BBFE9AA0044ED5F /* Profile */,
				A9CC34912BC3DFC000E1599A /* Map */,
			);
			path = UI;
			sourceTree = "<group>";
		};
		A93207382BB48E000068D9C2 /* Firebase */ = {
			isa = PBXGroup;
			children = (
				A93207392BB48E170068D9C2 /* FirebaseAuthViewModel.swift */,
				A93207442BB4A9C90068D9C2 /* FireBaseLogViewModel.swift */,
			);
			path = Firebase;
			sourceTree = "<group>";
		};
		A932073D2BB48FA90068D9C2 /* Models */ = {
			isa = PBXGroup;
			children = (
				A932073E2BB48FB40068D9C2 /* User.swift */,
			);
			path = Models;
			sourceTree = "<group>";
		};
		A93207402BB49D110068D9C2 /* Protocols */ = {
			isa = PBXGroup;
			children = (
				A932073B2BB48F860068D9C2 /* AuthProtocol.swift */,
				A93207462BB4A9E30068D9C2 /* LogProtocol.swift */,
			);
			path = Protocols;
			sourceTree = "<group>";
		};
		A932074B2BB4ABE30068D9C2 /* Environment */ = {
			isa = PBXGroup;
			children = (
				A932074C2BB4ABE30068D9C2 /* AuthViewModelEnvironmentKey.swift */,
				A932074E2BB4AC100068D9C2 /* LogViewModelEnvironmentKey.swift */,
			);
			path = Environment;
			sourceTree = "<group>";
		};
		A93207502BB4B0110068D9C2 /* ViewModels */ = {
			isa = PBXGroup;
			children = (
				A93207382BB48E000068D9C2 /* Firebase */,
			);
			path = ViewModels;
			sourceTree = "<group>";
		};
		A973E23D2BB182EB00BDF917 /* Tools */ = {
			isa = PBXGroup;
			children = (
				A973E23E2BB182F900BDF917 /* ColorsApp.swift */,
			);
			path = Tools;
			sourceTree = "<group>";
		};
		A9B53B8E2BB33687000AD215 /* Suporting Files */ = {
			isa = PBXGroup;
			children = (
				A9F98CC62BB34CD6004E9451 /* GoogleService-Info.plist */,
			);
			path = "Suporting Files";
			sourceTree = "<group>";
		};
		A9B53B8F2BB336A3000AD215 /* App */ = {
			isa = PBXGroup;
			children = (
				39228FDC2BAC701F00C91F40 /* DoggysApp.swift */,
			);
			path = App;
			sourceTree = "<group>";
		};
		A9B53B902BB336AC000AD215 /* Login */ = {
			isa = PBXGroup;
			children = (
				39228FDE2BAC701F00C91F40 /* LoginView.swift */,
				399BE5322BB9791B00AC323C /* LoginViewModel.swift */,
				399BE5382BB979CF00AC323C /* LoginDataManager.swift */,
				399BE5362BB979B900AC323C /* LoginAPIClient.swift */,
				399BE5342BB979A600AC323C /* LoginWireFrame.swift */,
			);
			path = Login;
			sourceTree = "<group>";
		};
		A9C47F032BBFE9AA0044ED5F /* Profile */ = {
			isa = PBXGroup;
			children = (
				A9C47F042BBFE9B90044ED5F /* ProfileView.swift */,
				A92BF8D02BC073B3004AA875 /* ProfileViewModel.swift */,
				A92BF8D22BC073C2004AA875 /* ProfileWireFrame.swift */,
			);
			path = Profile;
			sourceTree = "<group>";
		};
		A9CC34912BC3DFC000E1599A /* Map */ = {
			isa = PBXGroup;
			children = (
				A9CC34922BC3DFDA00E1599A /* MapView.swift */,
				A9CC34942BC3DFE800E1599A /* MapViewModel.swift */,
				A9CC34962BC3DFF400E1599A /* MapWireFrame.swift */,
			);
			path = Map;
			sourceTree = "<group>";
		};
		A9EDD0CE2BBC150C0052D03C /* Register */ = {
			isa = PBXGroup;
			children = (
				A9EDD0CC2BBBF9250052D03C /* RegisterView.swift */,
				A9EDD0CF2BBC153E0052D03C /* RegisterViewModel.swift */,
				A9C47EFF2BBDE03E0044ED5F /* RegisterWireFrame.swift */,
			);
			path = Register;
			sourceTree = "<group>";
		};
		A9EDD0D12BBC16310052D03C /* Recovery */ = {
			isa = PBXGroup;
			children = (
				A9EDD0D22BBC16470052D03C /* RecoveryPasswordView.swift */,
				A9EDD0D42BBC19310052D03C /* RecoveryPasswordViewModel.swift */,
				A9C47F012BBE93FC0044ED5F /* RecoveryWireFrame.swift */,
			);
			path = Recovery;
			sourceTree = "<group>";
		};
/* End PBXGroup section */

/* Begin PBXNativeTarget section */
		39228FD82BAC701F00C91F40 /* Doggys */ = {
			isa = PBXNativeTarget;
			buildConfigurationList = 39228FFD2BAC702100C91F40 /* Build configuration list for PBXNativeTarget "Doggys" */;
			buildPhases = (
				39228FD52BAC701F00C91F40 /* Sources */,
				39228FD62BAC701F00C91F40 /* Frameworks */,
				39228FD72BAC701F00C91F40 /* Resources */,
			);
			buildRules = (
			);
			dependencies = (
			);
			name = Doggys;
			packageProductDependencies = (
				A9F98C902BB34C22004E9451 /* FirebaseAnalytics */,
				A9F98C922BB34C22004E9451 /* FirebaseAnalyticsOnDeviceConversion */,
				A9F98C942BB34C22004E9451 /* FirebaseAnalyticsSwift */,
				A9F98C962BB34C22004E9451 /* FirebaseAnalyticsWithoutAdIdSupport */,
				A9F98C982BB34C22004E9451 /* FirebaseAppCheck */,
				A9F98C9A2BB34C22004E9451 /* FirebaseAppDistribution-Beta */,
				A9F98C9C2BB34C22004E9451 /* FirebaseAuth */,
				A9F98C9E2BB34C22004E9451 /* FirebaseAuthCombine-Community */,
				A9F98CA02BB34C22004E9451 /* FirebaseCrashlytics */,
				A9F98CA22BB34C22004E9451 /* FirebaseDatabase */,
				A9F98CA42BB34C22004E9451 /* FirebaseDatabaseSwift */,
				A9F98CA62BB34C22004E9451 /* FirebaseDynamicLinks */,
				A9F98CA82BB34C22004E9451 /* FirebaseFirestore */,
				A9F98CAA2BB34C22004E9451 /* FirebaseFirestoreCombine-Community */,
				A9F98CAC2BB34C22004E9451 /* FirebaseFirestoreSwift */,
				A9F98CAE2BB34C22004E9451 /* FirebaseFunctions */,
				A9F98CB02BB34C22004E9451 /* FirebaseFunctionsCombine-Community */,
				A9F98CB22BB34C22004E9451 /* FirebaseInAppMessaging-Beta */,
				A9F98CB42BB34C22004E9451 /* FirebaseInAppMessagingSwift-Beta */,
				A9F98CB62BB34C22004E9451 /* FirebaseInstallations */,
				A9F98CB82BB34C22004E9451 /* FirebaseMLModelDownloader */,
				A9F98CBA2BB34C22004E9451 /* FirebaseMessaging */,
				A9F98CBC2BB34C22004E9451 /* FirebasePerformance */,
				A9F98CBE2BB34C22004E9451 /* FirebaseRemoteConfig */,
				A9F98CC02BB34C22004E9451 /* FirebaseRemoteConfigSwift */,
				A9F98CC22BB34C22004E9451 /* FirebaseStorage */,
				A9F98CC42BB34C22004E9451 /* FirebaseStorageCombine-Community */,
			);
			productName = Doggys;
			productReference = 39228FD92BAC701F00C91F40 /* Doggys.app */;
			productType = "com.apple.product-type.application";
		};
		39228FE82BAC702100C91F40 /* DoggysTests */ = {
			isa = PBXNativeTarget;
			buildConfigurationList = 392290002BAC702100C91F40 /* Build configuration list for PBXNativeTarget "DoggysTests" */;
			buildPhases = (
				39228FE52BAC702100C91F40 /* Sources */,
				39228FE62BAC702100C91F40 /* Frameworks */,
				39228FE72BAC702100C91F40 /* Resources */,
			);
			buildRules = (
			);
			dependencies = (
				39228FEB2BAC702100C91F40 /* PBXTargetDependency */,
			);
			name = DoggysTests;
			productName = DoggysTests;
			productReference = 39228FE92BAC702100C91F40 /* DoggysTests.xctest */;
			productType = "com.apple.product-type.bundle.unit-test";
		};
		39228FF22BAC702100C91F40 /* DoggysUITests */ = {
			isa = PBXNativeTarget;
			buildConfigurationList = 392290032BAC702100C91F40 /* Build configuration list for PBXNativeTarget "DoggysUITests" */;
			buildPhases = (
				39228FEF2BAC702100C91F40 /* Sources */,
				39228FF02BAC702100C91F40 /* Frameworks */,
				39228FF12BAC702100C91F40 /* Resources */,
			);
			buildRules = (
			);
			dependencies = (
				39228FF52BAC702100C91F40 /* PBXTargetDependency */,
			);
			name = DoggysUITests;
			productName = DoggysUITests;
			productReference = 39228FF32BAC702100C91F40 /* DoggysUITests.xctest */;
			productType = "com.apple.product-type.bundle.ui-testing";
		};
/* End PBXNativeTarget section */

/* Begin PBXProject section */
		39228FD12BAC701E00C91F40 /* Project object */ = {
			isa = PBXProject;
			attributes = {
				BuildIndependentTargetsInParallel = 1;
				LastSwiftUpdateCheck = 1500;
				LastUpgradeCheck = 1500;
				TargetAttributes = {
					39228FD82BAC701F00C91F40 = {
						CreatedOnToolsVersion = 15.0;
					};
					39228FE82BAC702100C91F40 = {
						CreatedOnToolsVersion = 15.0;
						TestTargetID = 39228FD82BAC701F00C91F40;
					};
					39228FF22BAC702100C91F40 = {
						CreatedOnToolsVersion = 15.0;
						TestTargetID = 39228FD82BAC701F00C91F40;
					};
				};
			};
			buildConfigurationList = 39228FD42BAC701E00C91F40 /* Build configuration list for PBXProject "Doggys" */;
			compatibilityVersion = "Xcode 14.0";
			developmentRegion = en;
			hasScannedForEncodings = 0;
			knownRegions = (
				en,
				Base,
			);
			mainGroup = 39228FD02BAC701E00C91F40;
			packageReferences = (
				A9F98C8F2BB34C22004E9451 /* XCRemoteSwiftPackageReference "firebase-ios-sdk" */,
			);
			productRefGroup = 39228FDA2BAC701F00C91F40 /* Products */;
			projectDirPath = "";
			projectRoot = "";
			targets = (
				39228FD82BAC701F00C91F40 /* Doggys */,
				39228FE82BAC702100C91F40 /* DoggysTests */,
				39228FF22BAC702100C91F40 /* DoggysUITests */,
			);
		};
/* End PBXProject section */

/* Begin PBXResourcesBuildPhase section */
		39228FD72BAC701F00C91F40 /* Resources */ = {
			isa = PBXResourcesBuildPhase;
			buildActionMask = 2147483647;
			files = (
				39228FE42BAC702100C91F40 /* Preview Assets.xcassets in Resources */,
				39228FE12BAC702100C91F40 /* Assets.xcassets in Resources */,
				A9F98CC72BB34CD6004E9451 /* GoogleService-Info.plist in Resources */,
			);
			runOnlyForDeploymentPostprocessing = 0;
		};
		39228FE72BAC702100C91F40 /* Resources */ = {
			isa = PBXResourcesBuildPhase;
			buildActionMask = 2147483647;
			files = (
			);
			runOnlyForDeploymentPostprocessing = 0;
		};
		39228FF12BAC702100C91F40 /* Resources */ = {
			isa = PBXResourcesBuildPhase;
			buildActionMask = 2147483647;
			files = (
			);
			runOnlyForDeploymentPostprocessing = 0;
		};
/* End PBXResourcesBuildPhase section */

/* Begin PBXSourcesBuildPhase section */
		39228FD52BAC701F00C91F40 /* Sources */ = {
			isa = PBXSourcesBuildPhase;
			buildActionMask = 2147483647;
			files = (
				39ADE25B2BC299D8007A6702 /* ButtonLabel.swift in Sources */,
				399BE53B2BBA8A7600AC323C /* LogoView.swift in Sources */,
				A9CC34972BC3DFF400E1599A /* MapWireFrame.swift in Sources */,
				A932074D2BB4ABE40068D9C2 /* AuthViewModelEnvironmentKey.swift in Sources */,
				A92BF8D12BC073B3004AA875 /* ProfileViewModel.swift in Sources */,
				39228FDF2BAC701F00C91F40 /* LoginView.swift in Sources */,
				39ADE2582BC29863007A6702 /* LogoHeader.swift in Sources */,
				A93207452BB4A9C90068D9C2 /* FireBaseLogViewModel.swift in Sources */,
				A9EDD0D72BBC21620052D03C /* LogoAppDetailView.swift in Sources */,
				39228FDD2BAC701F00C91F40 /* DoggysApp.swift in Sources */,
				397B93DA2BB353C20030D77E /* TextFieldView.swift in Sources */,
				397B93DC2BB3560C0030D77E /* SecureTextFieldView.swift in Sources */,
				399BE5372BB979B900AC323C /* LoginAPIClient.swift in Sources */,
				A92BF8D32BC073C2004AA875 /* ProfileWireFrame.swift in Sources */,
				A9CC34952BC3DFE800E1599A /* MapViewModel.swift in Sources */,
				A9EDD0D02BBC153E0052D03C /* RegisterViewModel.swift in Sources */,
				A932073F2BB48FB40068D9C2 /* User.swift in Sources */,
				A9C47F002BBDE03E0044ED5F /* RegisterWireFrame.swift in Sources */,
				A9C47F052BBFE9B90044ED5F /* ProfileView.swift in Sources */,
				A9EDD0CD2BBBF9250052D03C /* RegisterView.swift in Sources */,
				A973E23F2BB182F900BDF917 /* ColorsApp.swift in Sources */,
				390BB76F2BBCA9D30052257E /* SplashWireFrame.swift in Sources */,
				399BE5332BB9791B00AC323C /* LoginViewModel.swift in Sources */,
				A93207472BB4A9E30068D9C2 /* LogProtocol.swift in Sources */,
				390BB76D2BBCA8BE0052257E /* SplashViewModel.swift in Sources */,
				A9EDD0D32BBC16470052D03C /* RecoveryPasswordView.swift in Sources */,
				A932073C2BB48F860068D9C2 /* AuthProtocol.swift in Sources */,
				A9CC34932BC3DFDA00E1599A /* MapView.swift in Sources */,
				A9C47F022BBE93FC0044ED5F /* RecoveryWireFrame.swift in Sources */,
				390BB76A2BBCA51F0052257E /* SplashView.swift in Sources */,
				A932074F2BB4AC100068D9C2 /* LogViewModelEnvironmentKey.swift in Sources */,
				399BE5352BB979A600AC323C /* LoginWireFrame.swift in Sources */,
				A932073A2BB48E170068D9C2 /* FirebaseAuthViewModel.swift in Sources */,
				399BE5392BB979CF00AC323C /* LoginDataManager.swift in Sources */,
				A9EDD0D52BBC19310052D03C /* RecoveryPasswordViewModel.swift in Sources */,
			);
			runOnlyForDeploymentPostprocessing = 0;
		};
		39228FE52BAC702100C91F40 /* Sources */ = {
			isa = PBXSourcesBuildPhase;
			buildActionMask = 2147483647;
			files = (
				39228FEE2BAC702100C91F40 /* DoggysTests.swift in Sources */,
			);
			runOnlyForDeploymentPostprocessing = 0;
		};
		39228FEF2BAC702100C91F40 /* Sources */ = {
			isa = PBXSourcesBuildPhase;
			buildActionMask = 2147483647;
			files = (
				39228FF82BAC702100C91F40 /* DoggysUITests.swift in Sources */,
				39228FFA2BAC702100C91F40 /* DoggysUITestsLaunchTests.swift in Sources */,
			);
			runOnlyForDeploymentPostprocessing = 0;
		};
/* End PBXSourcesBuildPhase section */

/* Begin PBXTargetDependency section */
		39228FEB2BAC702100C91F40 /* PBXTargetDependency */ = {
			isa = PBXTargetDependency;
			target = 39228FD82BAC701F00C91F40 /* Doggys */;
			targetProxy = 39228FEA2BAC702100C91F40 /* PBXContainerItemProxy */;
		};
		39228FF52BAC702100C91F40 /* PBXTargetDependency */ = {
			isa = PBXTargetDependency;
			target = 39228FD82BAC701F00C91F40 /* Doggys */;
			targetProxy = 39228FF42BAC702100C91F40 /* PBXContainerItemProxy */;
		};
/* End PBXTargetDependency section */

/* Begin XCBuildConfiguration section */
		39228FFB2BAC702100C91F40 /* Debug */ = {
			isa = XCBuildConfiguration;
			buildSettings = {
				ALWAYS_SEARCH_USER_PATHS = NO;
				ASSETCATALOG_COMPILER_GENERATE_SWIFT_ASSET_SYMBOL_EXTENSIONS = YES;
				CLANG_ANALYZER_NONNULL = YES;
				CLANG_ANALYZER_NUMBER_OBJECT_CONVERSION = YES_AGGRESSIVE;
				CLANG_CXX_LANGUAGE_STANDARD = "gnu++20";
				CLANG_ENABLE_MODULES = YES;
				CLANG_ENABLE_OBJC_ARC = YES;
				CLANG_ENABLE_OBJC_WEAK = YES;
				CLANG_WARN_BLOCK_CAPTURE_AUTORELEASING = YES;
				CLANG_WARN_BOOL_CONVERSION = YES;
				CLANG_WARN_COMMA = YES;
				CLANG_WARN_CONSTANT_CONVERSION = YES;
				CLANG_WARN_DEPRECATED_OBJC_IMPLEMENTATIONS = YES;
				CLANG_WARN_DIRECT_OBJC_ISA_USAGE = YES_ERROR;
				CLANG_WARN_DOCUMENTATION_COMMENTS = YES;
				CLANG_WARN_EMPTY_BODY = YES;
				CLANG_WARN_ENUM_CONVERSION = YES;
				CLANG_WARN_INFINITE_RECURSION = YES;
				CLANG_WARN_INT_CONVERSION = YES;
				CLANG_WARN_NON_LITERAL_NULL_CONVERSION = YES;
				CLANG_WARN_OBJC_IMPLICIT_RETAIN_SELF = YES;
				CLANG_WARN_OBJC_LITERAL_CONVERSION = YES;
				CLANG_WARN_OBJC_ROOT_CLASS = YES_ERROR;
				CLANG_WARN_QUOTED_INCLUDE_IN_FRAMEWORK_HEADER = YES;
				CLANG_WARN_RANGE_LOOP_ANALYSIS = YES;
				CLANG_WARN_STRICT_PROTOTYPES = YES;
				CLANG_WARN_SUSPICIOUS_MOVE = YES;
				CLANG_WARN_UNGUARDED_AVAILABILITY = YES_AGGRESSIVE;
				CLANG_WARN_UNREACHABLE_CODE = YES;
				CLANG_WARN__DUPLICATE_METHOD_MATCH = YES;
				COPY_PHASE_STRIP = NO;
				DEBUG_INFORMATION_FORMAT = dwarf;
				ENABLE_STRICT_OBJC_MSGSEND = YES;
				ENABLE_TESTABILITY = YES;
				ENABLE_USER_SCRIPT_SANDBOXING = YES;
				GCC_C_LANGUAGE_STANDARD = gnu17;
				GCC_DYNAMIC_NO_PIC = NO;
				GCC_NO_COMMON_BLOCKS = YES;
				GCC_OPTIMIZATION_LEVEL = 0;
				GCC_PREPROCESSOR_DEFINITIONS = (
					"DEBUG=1",
					"$(inherited)",
				);
				GCC_WARN_64_TO_32_BIT_CONVERSION = YES;
				GCC_WARN_ABOUT_RETURN_TYPE = YES_ERROR;
				GCC_WARN_UNDECLARED_SELECTOR = YES;
				GCC_WARN_UNINITIALIZED_AUTOS = YES_AGGRESSIVE;
				GCC_WARN_UNUSED_FUNCTION = YES;
				GCC_WARN_UNUSED_VARIABLE = YES;
				IPHONEOS_DEPLOYMENT_TARGET = 17.0;
				LOCALIZATION_PREFERS_STRING_CATALOGS = YES;
				MTL_ENABLE_DEBUG_INFO = INCLUDE_SOURCE;
				MTL_FAST_MATH = YES;
				ONLY_ACTIVE_ARCH = YES;
				SDKROOT = iphoneos;
				SWIFT_ACTIVE_COMPILATION_CONDITIONS = "DEBUG $(inherited)";
				SWIFT_OPTIMIZATION_LEVEL = "-Onone";
			};
			name = Debug;
		};
		39228FFC2BAC702100C91F40 /* Release */ = {
			isa = XCBuildConfiguration;
			buildSettings = {
				ALWAYS_SEARCH_USER_PATHS = NO;
				ASSETCATALOG_COMPILER_GENERATE_SWIFT_ASSET_SYMBOL_EXTENSIONS = YES;
				CLANG_ANALYZER_NONNULL = YES;
				CLANG_ANALYZER_NUMBER_OBJECT_CONVERSION = YES_AGGRESSIVE;
				CLANG_CXX_LANGUAGE_STANDARD = "gnu++20";
				CLANG_ENABLE_MODULES = YES;
				CLANG_ENABLE_OBJC_ARC = YES;
				CLANG_ENABLE_OBJC_WEAK = YES;
				CLANG_WARN_BLOCK_CAPTURE_AUTORELEASING = YES;
				CLANG_WARN_BOOL_CONVERSION = YES;
				CLANG_WARN_COMMA = YES;
				CLANG_WARN_CONSTANT_CONVERSION = YES;
				CLANG_WARN_DEPRECATED_OBJC_IMPLEMENTATIONS = YES;
				CLANG_WARN_DIRECT_OBJC_ISA_USAGE = YES_ERROR;
				CLANG_WARN_DOCUMENTATION_COMMENTS = YES;
				CLANG_WARN_EMPTY_BODY = YES;
				CLANG_WARN_ENUM_CONVERSION = YES;
				CLANG_WARN_INFINITE_RECURSION = YES;
				CLANG_WARN_INT_CONVERSION = YES;
				CLANG_WARN_NON_LITERAL_NULL_CONVERSION = YES;
				CLANG_WARN_OBJC_IMPLICIT_RETAIN_SELF = YES;
				CLANG_WARN_OBJC_LITERAL_CONVERSION = YES;
				CLANG_WARN_OBJC_ROOT_CLASS = YES_ERROR;
				CLANG_WARN_QUOTED_INCLUDE_IN_FRAMEWORK_HEADER = YES;
				CLANG_WARN_RANGE_LOOP_ANALYSIS = YES;
				CLANG_WARN_STRICT_PROTOTYPES = YES;
				CLANG_WARN_SUSPICIOUS_MOVE = YES;
				CLANG_WARN_UNGUARDED_AVAILABILITY = YES_AGGRESSIVE;
				CLANG_WARN_UNREACHABLE_CODE = YES;
				CLANG_WARN__DUPLICATE_METHOD_MATCH = YES;
				COPY_PHASE_STRIP = NO;
				DEBUG_INFORMATION_FORMAT = "dwarf-with-dsym";
				ENABLE_NS_ASSERTIONS = NO;
				ENABLE_STRICT_OBJC_MSGSEND = YES;
				ENABLE_USER_SCRIPT_SANDBOXING = YES;
				GCC_C_LANGUAGE_STANDARD = gnu17;
				GCC_NO_COMMON_BLOCKS = YES;
				GCC_WARN_64_TO_32_BIT_CONVERSION = YES;
				GCC_WARN_ABOUT_RETURN_TYPE = YES_ERROR;
				GCC_WARN_UNDECLARED_SELECTOR = YES;
				GCC_WARN_UNINITIALIZED_AUTOS = YES_AGGRESSIVE;
				GCC_WARN_UNUSED_FUNCTION = YES;
				GCC_WARN_UNUSED_VARIABLE = YES;
				IPHONEOS_DEPLOYMENT_TARGET = 17.0;
				LOCALIZATION_PREFERS_STRING_CATALOGS = YES;
				MTL_ENABLE_DEBUG_INFO = NO;
				MTL_FAST_MATH = YES;
				SDKROOT = iphoneos;
				SWIFT_COMPILATION_MODE = wholemodule;
				VALIDATE_PRODUCT = YES;
			};
			name = Release;
		};
		39228FFE2BAC702100C91F40 /* Debug */ = {
			isa = XCBuildConfiguration;
			buildSettings = {
				ASSETCATALOG_COMPILER_APPICON_NAME = AppIcon;
				ASSETCATALOG_COMPILER_GLOBAL_ACCENT_COLOR_NAME = AccentColor;
				CODE_SIGN_STYLE = Automatic;
				CURRENT_PROJECT_VERSION = 1;
				DEVELOPMENT_ASSET_PATHS = "\"Doggys/Preview Content\"";
				DEVELOPMENT_TEAM = "";
				ENABLE_PREVIEWS = YES;
				GENERATE_INFOPLIST_FILE = YES;
				INFOPLIST_KEY_UIApplicationSceneManifest_Generation = YES;
				INFOPLIST_KEY_UIApplicationSupportsIndirectInputEvents = YES;
				INFOPLIST_KEY_UILaunchScreen_Generation = YES;
				INFOPLIST_KEY_UISupportedInterfaceOrientations_iPad = "UIInterfaceOrientationPortrait UIInterfaceOrientationPortraitUpsideDown UIInterfaceOrientationLandscapeLeft UIInterfaceOrientationLandscapeRight";
				INFOPLIST_KEY_UISupportedInterfaceOrientations_iPhone = "UIInterfaceOrientationPortrait UIInterfaceOrientationLandscapeLeft UIInterfaceOrientationLandscapeRight";
				LD_RUNPATH_SEARCH_PATHS = (
					"$(inherited)",
					"@executable_path/Frameworks",
				);
				MARKETING_VERSION = 1.0;
				PRODUCT_BUNDLE_IDENTIFIER = pdcmdev.Doggys;
				PRODUCT_NAME = "$(TARGET_NAME)";
				SWIFT_EMIT_LOC_STRINGS = YES;
				SWIFT_VERSION = 5.0;
				TARGETED_DEVICE_FAMILY = "1,2";
			};
			name = Debug;
		};
		39228FFF2BAC702100C91F40 /* Release */ = {
			isa = XCBuildConfiguration;
			buildSettings = {
				ASSETCATALOG_COMPILER_APPICON_NAME = AppIcon;
				ASSETCATALOG_COMPILER_GLOBAL_ACCENT_COLOR_NAME = AccentColor;
				CODE_SIGN_STYLE = Automatic;
				CURRENT_PROJECT_VERSION = 1;
				DEVELOPMENT_ASSET_PATHS = "\"Doggys/Preview Content\"";
				DEVELOPMENT_TEAM = "";
				ENABLE_PREVIEWS = YES;
				GENERATE_INFOPLIST_FILE = YES;
				INFOPLIST_KEY_UIApplicationSceneManifest_Generation = YES;
				INFOPLIST_KEY_UIApplicationSupportsIndirectInputEvents = YES;
				INFOPLIST_KEY_UILaunchScreen_Generation = YES;
				INFOPLIST_KEY_UISupportedInterfaceOrientations_iPad = "UIInterfaceOrientationPortrait UIInterfaceOrientationPortraitUpsideDown UIInterfaceOrientationLandscapeLeft UIInterfaceOrientationLandscapeRight";
				INFOPLIST_KEY_UISupportedInterfaceOrientations_iPhone = "UIInterfaceOrientationPortrait UIInterfaceOrientationLandscapeLeft UIInterfaceOrientationLandscapeRight";
				LD_RUNPATH_SEARCH_PATHS = (
					"$(inherited)",
					"@executable_path/Frameworks",
				);
				MARKETING_VERSION = 1.0;
				PRODUCT_BUNDLE_IDENTIFIER = pdcmdev.Doggys;
				PRODUCT_NAME = "$(TARGET_NAME)";
				SWIFT_EMIT_LOC_STRINGS = YES;
				SWIFT_VERSION = 5.0;
				TARGETED_DEVICE_FAMILY = "1,2";
			};
			name = Release;
		};
		392290012BAC702100C91F40 /* Debug */ = {
			isa = XCBuildConfiguration;
			buildSettings = {
				ALWAYS_EMBED_SWIFT_STANDARD_LIBRARIES = YES;
				BUNDLE_LOADER = "$(TEST_HOST)";
				CODE_SIGN_STYLE = Automatic;
				CURRENT_PROJECT_VERSION = 1;
				GENERATE_INFOPLIST_FILE = YES;
				IPHONEOS_DEPLOYMENT_TARGET = 17.0;
				MARKETING_VERSION = 1.0;
				PRODUCT_BUNDLE_IDENTIFIER = pabloMarke.DoggysTests;
				PRODUCT_NAME = "$(TARGET_NAME)";
				SWIFT_EMIT_LOC_STRINGS = NO;
				SWIFT_VERSION = 5.0;
				TARGETED_DEVICE_FAMILY = "1,2";
				TEST_HOST = "$(BUILT_PRODUCTS_DIR)/Doggys.app/$(BUNDLE_EXECUTABLE_FOLDER_PATH)/Doggys";
			};
			name = Debug;
		};
		392290022BAC702100C91F40 /* Release */ = {
			isa = XCBuildConfiguration;
			buildSettings = {
				ALWAYS_EMBED_SWIFT_STANDARD_LIBRARIES = YES;
				BUNDLE_LOADER = "$(TEST_HOST)";
				CODE_SIGN_STYLE = Automatic;
				CURRENT_PROJECT_VERSION = 1;
				GENERATE_INFOPLIST_FILE = YES;
				IPHONEOS_DEPLOYMENT_TARGET = 17.0;
				MARKETING_VERSION = 1.0;
				PRODUCT_BUNDLE_IDENTIFIER = pabloMarke.DoggysTests;
				PRODUCT_NAME = "$(TARGET_NAME)";
				SWIFT_EMIT_LOC_STRINGS = NO;
				SWIFT_VERSION = 5.0;
				TARGETED_DEVICE_FAMILY = "1,2";
				TEST_HOST = "$(BUILT_PRODUCTS_DIR)/Doggys.app/$(BUNDLE_EXECUTABLE_FOLDER_PATH)/Doggys";
			};
			name = Release;
		};
		392290042BAC702100C91F40 /* Debug */ = {
			isa = XCBuildConfiguration;
			buildSettings = {
				ALWAYS_EMBED_SWIFT_STANDARD_LIBRARIES = YES;
				CODE_SIGN_STYLE = Automatic;
				CURRENT_PROJECT_VERSION = 1;
				GENERATE_INFOPLIST_FILE = YES;
				MARKETING_VERSION = 1.0;
				PRODUCT_BUNDLE_IDENTIFIER = pabloMarke.DoggysUITests;
				PRODUCT_NAME = "$(TARGET_NAME)";
				SWIFT_EMIT_LOC_STRINGS = NO;
				SWIFT_VERSION = 5.0;
				TARGETED_DEVICE_FAMILY = "1,2";
				TEST_TARGET_NAME = Doggys;
			};
			name = Debug;
		};
		392290052BAC702100C91F40 /* Release */ = {
			isa = XCBuildConfiguration;
			buildSettings = {
				ALWAYS_EMBED_SWIFT_STANDARD_LIBRARIES = YES;
				CODE_SIGN_STYLE = Automatic;
				CURRENT_PROJECT_VERSION = 1;
				GENERATE_INFOPLIST_FILE = YES;
				MARKETING_VERSION = 1.0;
				PRODUCT_BUNDLE_IDENTIFIER = pabloMarke.DoggysUITests;
				PRODUCT_NAME = "$(TARGET_NAME)";
				SWIFT_EMIT_LOC_STRINGS = NO;
				SWIFT_VERSION = 5.0;
				TARGETED_DEVICE_FAMILY = "1,2";
				TEST_TARGET_NAME = Doggys;
			};
			name = Release;
		};
/* End XCBuildConfiguration section */

/* Begin XCConfigurationList section */
		39228FD42BAC701E00C91F40 /* Build configuration list for PBXProject "Doggys" */ = {
			isa = XCConfigurationList;
			buildConfigurations = (
				39228FFB2BAC702100C91F40 /* Debug */,
				39228FFC2BAC702100C91F40 /* Release */,
			);
			defaultConfigurationIsVisible = 0;
			defaultConfigurationName = Release;
		};
		39228FFD2BAC702100C91F40 /* Build configuration list for PBXNativeTarget "Doggys" */ = {
			isa = XCConfigurationList;
			buildConfigurations = (
				39228FFE2BAC702100C91F40 /* Debug */,
				39228FFF2BAC702100C91F40 /* Release */,
			);
			defaultConfigurationIsVisible = 0;
			defaultConfigurationName = Release;
		};
		392290002BAC702100C91F40 /* Build configuration list for PBXNativeTarget "DoggysTests" */ = {
			isa = XCConfigurationList;
			buildConfigurations = (
				392290012BAC702100C91F40 /* Debug */,
				392290022BAC702100C91F40 /* Release */,
			);
			defaultConfigurationIsVisible = 0;
			defaultConfigurationName = Release;
		};
		392290032BAC702100C91F40 /* Build configuration list for PBXNativeTarget "DoggysUITests" */ = {
			isa = XCConfigurationList;
			buildConfigurations = (
				392290042BAC702100C91F40 /* Debug */,
				392290052BAC702100C91F40 /* Release */,
			);
			defaultConfigurationIsVisible = 0;
			defaultConfigurationName = Release;
		};
/* End XCConfigurationList section */

/* Begin XCRemoteSwiftPackageReference section */
		A9F98C8F2BB34C22004E9451 /* XCRemoteSwiftPackageReference "firebase-ios-sdk" */ = {
			isa = XCRemoteSwiftPackageReference;
			repositoryURL = "https://github.com/firebase/firebase-ios-sdk.git";
			requirement = {
				kind = upToNextMajorVersion;
				minimumVersion = 10.23.0;
			};
		};
/* End XCRemoteSwiftPackageReference section */

/* Begin XCSwiftPackageProductDependency section */
		A9F98C902BB34C22004E9451 /* FirebaseAnalytics */ = {
			isa = XCSwiftPackageProductDependency;
			package = A9F98C8F2BB34C22004E9451 /* XCRemoteSwiftPackageReference "firebase-ios-sdk" */;
			productName = FirebaseAnalytics;
		};
		A9F98C922BB34C22004E9451 /* FirebaseAnalyticsOnDeviceConversion */ = {
			isa = XCSwiftPackageProductDependency;
			package = A9F98C8F2BB34C22004E9451 /* XCRemoteSwiftPackageReference "firebase-ios-sdk" */;
			productName = FirebaseAnalyticsOnDeviceConversion;
		};
		A9F98C942BB34C22004E9451 /* FirebaseAnalyticsSwift */ = {
			isa = XCSwiftPackageProductDependency;
			package = A9F98C8F2BB34C22004E9451 /* XCRemoteSwiftPackageReference "firebase-ios-sdk" */;
			productName = FirebaseAnalyticsSwift;
		};
		A9F98C962BB34C22004E9451 /* FirebaseAnalyticsWithoutAdIdSupport */ = {
			isa = XCSwiftPackageProductDependency;
			package = A9F98C8F2BB34C22004E9451 /* XCRemoteSwiftPackageReference "firebase-ios-sdk" */;
			productName = FirebaseAnalyticsWithoutAdIdSupport;
		};
		A9F98C982BB34C22004E9451 /* FirebaseAppCheck */ = {
			isa = XCSwiftPackageProductDependency;
			package = A9F98C8F2BB34C22004E9451 /* XCRemoteSwiftPackageReference "firebase-ios-sdk" */;
			productName = FirebaseAppCheck;
		};
		A9F98C9A2BB34C22004E9451 /* FirebaseAppDistribution-Beta */ = {
			isa = XCSwiftPackageProductDependency;
			package = A9F98C8F2BB34C22004E9451 /* XCRemoteSwiftPackageReference "firebase-ios-sdk" */;
			productName = "FirebaseAppDistribution-Beta";
		};
		A9F98C9C2BB34C22004E9451 /* FirebaseAuth */ = {
			isa = XCSwiftPackageProductDependency;
			package = A9F98C8F2BB34C22004E9451 /* XCRemoteSwiftPackageReference "firebase-ios-sdk" */;
			productName = FirebaseAuth;
		};
		A9F98C9E2BB34C22004E9451 /* FirebaseAuthCombine-Community */ = {
			isa = XCSwiftPackageProductDependency;
			package = A9F98C8F2BB34C22004E9451 /* XCRemoteSwiftPackageReference "firebase-ios-sdk" */;
			productName = "FirebaseAuthCombine-Community";
		};
		A9F98CA02BB34C22004E9451 /* FirebaseCrashlytics */ = {
			isa = XCSwiftPackageProductDependency;
			package = A9F98C8F2BB34C22004E9451 /* XCRemoteSwiftPackageReference "firebase-ios-sdk" */;
			productName = FirebaseCrashlytics;
		};
		A9F98CA22BB34C22004E9451 /* FirebaseDatabase */ = {
			isa = XCSwiftPackageProductDependency;
			package = A9F98C8F2BB34C22004E9451 /* XCRemoteSwiftPackageReference "firebase-ios-sdk" */;
			productName = FirebaseDatabase;
		};
		A9F98CA42BB34C22004E9451 /* FirebaseDatabaseSwift */ = {
			isa = XCSwiftPackageProductDependency;
			package = A9F98C8F2BB34C22004E9451 /* XCRemoteSwiftPackageReference "firebase-ios-sdk" */;
			productName = FirebaseDatabaseSwift;
		};
		A9F98CA62BB34C22004E9451 /* FirebaseDynamicLinks */ = {
			isa = XCSwiftPackageProductDependency;
			package = A9F98C8F2BB34C22004E9451 /* XCRemoteSwiftPackageReference "firebase-ios-sdk" */;
			productName = FirebaseDynamicLinks;
		};
		A9F98CA82BB34C22004E9451 /* FirebaseFirestore */ = {
			isa = XCSwiftPackageProductDependency;
			package = A9F98C8F2BB34C22004E9451 /* XCRemoteSwiftPackageReference "firebase-ios-sdk" */;
			productName = FirebaseFirestore;
		};
		A9F98CAA2BB34C22004E9451 /* FirebaseFirestoreCombine-Community */ = {
			isa = XCSwiftPackageProductDependency;
			package = A9F98C8F2BB34C22004E9451 /* XCRemoteSwiftPackageReference "firebase-ios-sdk" */;
			productName = "FirebaseFirestoreCombine-Community";
		};
		A9F98CAC2BB34C22004E9451 /* FirebaseFirestoreSwift */ = {
			isa = XCSwiftPackageProductDependency;
			package = A9F98C8F2BB34C22004E9451 /* XCRemoteSwiftPackageReference "firebase-ios-sdk" */;
			productName = FirebaseFirestoreSwift;
		};
		A9F98CAE2BB34C22004E9451 /* FirebaseFunctions */ = {
			isa = XCSwiftPackageProductDependency;
			package = A9F98C8F2BB34C22004E9451 /* XCRemoteSwiftPackageReference "firebase-ios-sdk" */;
			productName = FirebaseFunctions;
		};
		A9F98CB02BB34C22004E9451 /* FirebaseFunctionsCombine-Community */ = {
			isa = XCSwiftPackageProductDependency;
			package = A9F98C8F2BB34C22004E9451 /* XCRemoteSwiftPackageReference "firebase-ios-sdk" */;
			productName = "FirebaseFunctionsCombine-Community";
		};
		A9F98CB22BB34C22004E9451 /* FirebaseInAppMessaging-Beta */ = {
			isa = XCSwiftPackageProductDependency;
			package = A9F98C8F2BB34C22004E9451 /* XCRemoteSwiftPackageReference "firebase-ios-sdk" */;
			productName = "FirebaseInAppMessaging-Beta";
		};
		A9F98CB42BB34C22004E9451 /* FirebaseInAppMessagingSwift-Beta */ = {
			isa = XCSwiftPackageProductDependency;
			package = A9F98C8F2BB34C22004E9451 /* XCRemoteSwiftPackageReference "firebase-ios-sdk" */;
			productName = "FirebaseInAppMessagingSwift-Beta";
		};
		A9F98CB62BB34C22004E9451 /* FirebaseInstallations */ = {
			isa = XCSwiftPackageProductDependency;
			package = A9F98C8F2BB34C22004E9451 /* XCRemoteSwiftPackageReference "firebase-ios-sdk" */;
			productName = FirebaseInstallations;
		};
		A9F98CB82BB34C22004E9451 /* FirebaseMLModelDownloader */ = {
			isa = XCSwiftPackageProductDependency;
			package = A9F98C8F2BB34C22004E9451 /* XCRemoteSwiftPackageReference "firebase-ios-sdk" */;
			productName = FirebaseMLModelDownloader;
		};
		A9F98CBA2BB34C22004E9451 /* FirebaseMessaging */ = {
			isa = XCSwiftPackageProductDependency;
			package = A9F98C8F2BB34C22004E9451 /* XCRemoteSwiftPackageReference "firebase-ios-sdk" */;
			productName = FirebaseMessaging;
		};
		A9F98CBC2BB34C22004E9451 /* FirebasePerformance */ = {
			isa = XCSwiftPackageProductDependency;
			package = A9F98C8F2BB34C22004E9451 /* XCRemoteSwiftPackageReference "firebase-ios-sdk" */;
			productName = FirebasePerformance;
		};
		A9F98CBE2BB34C22004E9451 /* FirebaseRemoteConfig */ = {
			isa = XCSwiftPackageProductDependency;
			package = A9F98C8F2BB34C22004E9451 /* XCRemoteSwiftPackageReference "firebase-ios-sdk" */;
			productName = FirebaseRemoteConfig;
		};
		A9F98CC02BB34C22004E9451 /* FirebaseRemoteConfigSwift */ = {
			isa = XCSwiftPackageProductDependency;
			package = A9F98C8F2BB34C22004E9451 /* XCRemoteSwiftPackageReference "firebase-ios-sdk" */;
			productName = FirebaseRemoteConfigSwift;
		};
		A9F98CC22BB34C22004E9451 /* FirebaseStorage */ = {
			isa = XCSwiftPackageProductDependency;
			package = A9F98C8F2BB34C22004E9451 /* XCRemoteSwiftPackageReference "firebase-ios-sdk" */;
			productName = FirebaseStorage;
		};
		A9F98CC42BB34C22004E9451 /* FirebaseStorageCombine-Community */ = {
			isa = XCSwiftPackageProductDependency;
			package = A9F98C8F2BB34C22004E9451 /* XCRemoteSwiftPackageReference "firebase-ios-sdk" */;
			productName = "FirebaseStorageCombine-Community";
		};
/* End XCSwiftPackageProductDependency section */
	};
	rootObject = 39228FD12BAC701E00C91F40 /* Project object */;
}
