// !$*UTF8*$!
{
	archiveVersion = 1;
	classes = {
	};
	objectVersion = 56;
	objects = {

/* Begin PBXBuildFile section */
		39228FDD2BAC701F00C91F40 /* DoggysApp.swift in Sources */ = {isa = PBXBuildFile; fileRef = 39228FDC2BAC701F00C91F40 /* DoggysApp.swift */; };
		39228FDF2BAC701F00C91F40 /* ContentView.swift in Sources */ = {isa = PBXBuildFile; fileRef = 39228FDE2BAC701F00C91F40 /* ContentView.swift */; };
		39228FE12BAC702100C91F40 /* Assets.xcassets in Resources */ = {isa = PBXBuildFile; fileRef = 39228FE02BAC702100C91F40 /* Assets.xcassets */; };
		39228FE42BAC702100C91F40 /* Preview Assets.xcassets in Resources */ = {isa = PBXBuildFile; fileRef = 39228FE32BAC702100C91F40 /* Preview Assets.xcassets */; };
		39228FEE2BAC702100C91F40 /* DoggysTests.swift in Sources */ = {isa = PBXBuildFile; fileRef = 39228FED2BAC702100C91F40 /* DoggysTests.swift */; };
		39228FF82BAC702100C91F40 /* DoggysUITests.swift in Sources */ = {isa = PBXBuildFile; fileRef = 39228FF72BAC702100C91F40 /* DoggysUITests.swift */; };
		39228FFA2BAC702100C91F40 /* DoggysUITestsLaunchTests.swift in Sources */ = {isa = PBXBuildFile; fileRef = 39228FF92BAC702100C91F40 /* DoggysUITestsLaunchTests.swift */; };
/* End PBXBuildFile section */

/* Begin PBXContainerItemProxy section */
		39228FEA2BAC702100C91F40 /* PBXContainerItemProxy */ = {
			isa = PBXContainerItemProxy;
			containerPortal = 39228FD12BAC701E00C91F40 /* Project object */;
			proxyType = 1;
			remoteGlobalIDString = 39228FD82BAC701F00C91F40;
			remoteInfo = Doggys;
		};
		39228FF42BAC702100C91F40 /* PBXContainerItemProxy */ = {
			isa = PBXContainerItemProxy;
			containerPortal = 39228FD12BAC701E00C91F40 /* Project object */;
			proxyType = 1;
			remoteGlobalIDString = 39228FD82BAC701F00C91F40;
			remoteInfo = Doggys;
		};
/* End PBXContainerItemProxy section */

/* Begin PBXFileReference section */
		39228FD92BAC701F00C91F40 /* Doggys.app */ = {isa = PBXFileReference; explicitFileType = wrapper.application; includeInIndex = 0; path = Doggys.app; sourceTree = BUILT_PRODUCTS_DIR; };
		39228FDC2BAC701F00C91F40 /* DoggysApp.swift */ = {isa = PBXFileReference; lastKnownFileType = sourcecode.swift; path = DoggysApp.swift; sourceTree = "<group>"; };
		39228FDE2BAC701F00C91F40 /* ContentView.swift */ = {isa = PBXFileReference; lastKnownFileType = sourcecode.swift; path = ContentView.swift; sourceTree = "<group>"; };
		39228FE02BAC702100C91F40 /* Assets.xcassets */ = {isa = PBXFileReference; lastKnownFileType = folder.assetcatalog; path = Assets.xcassets; sourceTree = "<group>"; };
		39228FE32BAC702100C91F40 /* Preview Assets.xcassets */ = {isa = PBXFileReference; lastKnownFileType = folder.assetcatalog; path = "Preview Assets.xcassets"; sourceTree = "<group>"; };
		39228FE92BAC702100C91F40 /* DoggysTests.xctest */ = {isa = PBXFileReference; explicitFileType = wrapper.cfbundle; includeInIndex = 0; path = DoggysTests.xctest; sourceTree = BUILT_PRODUCTS_DIR; };
		39228FED2BAC702100C91F40 /* DoggysTests.swift */ = {isa = PBXFileReference; lastKnownFileType = sourcecode.swift; path = DoggysTests.swift; sourceTree = "<group>"; };
		39228FF32BAC702100C91F40 /* DoggysUITests.xctest */ = {isa = PBXFileReference; explicitFileType = wrapper.cfbundle; includeInIndex = 0; path = DoggysUITests.xctest; sourceTree = BUILT_PRODUCTS_DIR; };
		39228FF72BAC702100C91F40 /* DoggysUITests.swift */ = {isa = PBXFileReference; lastKnownFileType = sourcecode.swift; path = DoggysUITests.swift; sourceTree = "<group>"; };
		39228FF92BAC702100C91F40 /* DoggysUITestsLaunchTests.swift */ = {isa = PBXFileReference; lastKnownFileType = sourcecode.swift; path = DoggysUITestsLaunchTests.swift; sourceTree = "<group>"; };
/* End PBXFileReference section */

/* Begin PBXFrameworksBuildPhase section */
		39228FD62BAC701F00C91F40 /* Frameworks */ = {
			isa = PBXFrameworksBuildPhase;
			buildActionMask = 2147483647;
			files = (
			);
			runOnlyForDeploymentPostprocessing = 0;
		};
		39228FE62BAC702100C91F40 /* Frameworks */ = {
			isa = PBXFrameworksBuildPhase;
			buildActionMask = 2147483647;
			files = (
			);
			runOnlyForDeploymentPostprocessing = 0;
		};
		39228FF02BAC702100C91F40 /* Frameworks */ = {
			isa = PBXFrameworksBuildPhase;
			buildActionMask = 2147483647;
			files = (
			);
			runOnlyForDeploymentPostprocessing = 0;
		};
/* End PBXFrameworksBuildPhase section */

/* Begin PBXGroup section */
		39228FD02BAC701E00C91F40 = {
			isa = PBXGroup;
			children = (
				39228FDB2BAC701F00C91F40 /* Doggys */,
				39228FEC2BAC702100C91F40 /* DoggysTests */,
				39228FF62BAC702100C91F40 /* DoggysUITests */,
				39228FDA2BAC701F00C91F40 /* Products */,
			);
			sourceTree = "<group>";
		};
		39228FDA2BAC701F00C91F40 /* Products */ = {
			isa = PBXGroup;
			children = (
				39228FD92BAC701F00C91F40 /* Doggys.app */,
				39228FE92BAC702100C91F40 /* DoggysTests.xctest */,
				39228FF32BAC702100C91F40 /* DoggysUITests.xctest */,
			);
			name = Products;
			sourceTree = "<group>";
		};
		39228FDB2BAC701F00C91F40 /* Doggys */ = {
			isa = PBXGroup;
			children = (
				39228FDC2BAC701F00C91F40 /* DoggysApp.swift */,
				39228FDE2BAC701F00C91F40 /* ContentView.swift */,
				39228FE02BAC702100C91F40 /* Assets.xcassets */,
				39228FE22BAC702100C91F40 /* Preview Content */,
			);
			path = Doggys;
			sourceTree = "<group>";
		};
		39228FE22BAC702100C91F40 /* Preview Content */ = {
			isa = PBXGroup;
			children = (
				39228FE32BAC702100C91F40 /* Preview Assets.xcassets */,
			);
			path = "Preview Content";
			sourceTree = "<group>";
		};
		39228FEC2BAC702100C91F40 /* DoggysTests */ = {
			isa = PBXGroup;
			children = (
				39228FED2BAC702100C91F40 /* DoggysTests.swift */,
			);
			path = DoggysTests;
			sourceTree = "<group>";
		};
		39228FF62BAC702100C91F40 /* DoggysUITests */ = {
			isa = PBXGroup;
			children = (
				39228FF72BAC702100C91F40 /* DoggysUITests.swift */,
				39228FF92BAC702100C91F40 /* DoggysUITestsLaunchTests.swift */,
			);
			path = DoggysUITests;
			sourceTree = "<group>";
		};
/* End PBXGroup section */

/* Begin PBXNativeTarget section */
		39228FD82BAC701F00C91F40 /* Doggys */ = {
			isa = PBXNativeTarget;
			buildConfigurationList = 39228FFD2BAC702100C91F40 /* Build configuration list for PBXNativeTarget "Doggys" */;
			buildPhases = (
				39228FD52BAC701F00C91F40 /* Sources */,
				39228FD62BAC701F00C91F40 /* Frameworks */,
				39228FD72BAC701F00C91F40 /* Resources */,
			);
			buildRules = (
			);
			dependencies = (
			);
			name = Doggys;
			productName = Doggys;
			productReference = 39228FD92BAC701F00C91F40 /* Doggys.app */;
			productType = "com.apple.product-type.application";
		};
		39228FE82BAC702100C91F40 /* DoggysTests */ = {
			isa = PBXNativeTarget;
			buildConfigurationList = 392290002BAC702100C91F40 /* Build configuration list for PBXNativeTarget "DoggysTests" */;
			buildPhases = (
				39228FE52BAC702100C91F40 /* Sources */,
				39228FE62BAC702100C91F40 /* Frameworks */,
				39228FE72BAC702100C91F40 /* Resources */,
			);
			buildRules = (
			);
			dependencies = (
				39228FEB2BAC702100C91F40 /* PBXTargetDependency */,
			);
			name = DoggysTests;
			productName = DoggysTests;
			productReference = 39228FE92BAC702100C91F40 /* DoggysTests.xctest */;
			productType = "com.apple.product-type.bundle.unit-test";
		};
		39228FF22BAC702100C91F40 /* DoggysUITests */ = {
			isa = PBXNativeTarget;
			buildConfigurationList = 392290032BAC702100C91F40 /* Build configuration list for PBXNativeTarget "DoggysUITests" */;
			buildPhases = (
				39228FEF2BAC702100C91F40 /* Sources */,
				39228FF02BAC702100C91F40 /* Frameworks */,
				39228FF12BAC702100C91F40 /* Resources */,
			);
			buildRules = (
			);
			dependencies = (
				39228FF52BAC702100C91F40 /* PBXTargetDependency */,
			);
			name = DoggysUITests;
			productName = DoggysUITests;
			productReference = 39228FF32BAC702100C91F40 /* DoggysUITests.xctest */;
			productType = "com.apple.product-type.bundle.ui-testing";
		};
/* End PBXNativeTarget section */

/* Begin PBXProject section */
		39228FD12BAC701E00C91F40 /* Project object */ = {
			isa = PBXProject;
			attributes = {
				BuildIndependentTargetsInParallel = 1;
				LastSwiftUpdateCheck = 1500;
				LastUpgradeCheck = 1500;
				TargetAttributes = {
					39228FD82BAC701F00C91F40 = {
						CreatedOnToolsVersion = 15.0;
					};
					39228FE82BAC702100C91F40 = {
						CreatedOnToolsVersion = 15.0;
						TestTargetID = 39228FD82BAC701F00C91F40;
					};
					39228FF22BAC702100C91F40 = {
						CreatedOnToolsVersion = 15.0;
						TestTargetID = 39228FD82BAC701F00C91F40;
					};
				};
			};
			buildConfigurationList = 39228FD42BAC701E00C91F40 /* Build configuration list for PBXProject "Doggys" */;
			compatibilityVersion = "Xcode 14.0";
			developmentRegion = en;
			hasScannedForEncodings = 0;
			knownRegions = (
				en,
				Base,
			);
			mainGroup = 39228FD02BAC701E00C91F40;
			productRefGroup = 39228FDA2BAC701F00C91F40 /* Products */;
			projectDirPath = "";
			projectRoot = "";
			targets = (
				39228FD82BAC701F00C91F40 /* Doggys */,
				39228FE82BAC702100C91F40 /* DoggysTests */,
				39228FF22BAC702100C91F40 /* DoggysUITests */,
			);
		};
/* End PBXProject section */

/* Begin PBXResourcesBuildPhase section */
		39228FD72BAC701F00C91F40 /* Resources */ = {
			isa = PBXResourcesBuildPhase;
			buildActionMask = 2147483647;
			files = (
				39228FE42BAC702100C91F40 /* Preview Assets.xcassets in Resources */,
				39228FE12BAC702100C91F40 /* Assets.xcassets in Resources */,
			);
			runOnlyForDeploymentPostprocessing = 0;
		};
		39228FE72BAC702100C91F40 /* Resources */ = {
			isa = PBXResourcesBuildPhase;
			buildActionMask = 2147483647;
			files = (
			);
			runOnlyForDeploymentPostprocessing = 0;
		};
		39228FF12BAC702100C91F40 /* Resources */ = {
			isa = PBXResourcesBuildPhase;
			buildActionMask = 2147483647;
			files = (
			);
			runOnlyForDeploymentPostprocessing = 0;
		};
/* End PBXResourcesBuildPhase section */

/* Begin PBXSourcesBuildPhase section */
		39228FD52BAC701F00C91F40 /* Sources */ = {
			isa = PBXSourcesBuildPhase;
			buildActionMask = 2147483647;
			files = (
				39228FDF2BAC701F00C91F40 /* ContentView.swift in Sources */,
				39228FDD2BAC701F00C91F40 /* DoggysApp.swift in Sources */,
			);
			runOnlyForDeploymentPostprocessing = 0;
		};
		39228FE52BAC702100C91F40 /* Sources */ = {
			isa = PBXSourcesBuildPhase;
			buildActionMask = 2147483647;
			files = (
				39228FEE2BAC702100C91F40 /* DoggysTests.swift in Sources */,
			);
			runOnlyForDeploymentPostprocessing = 0;
		};
		39228FEF2BAC702100C91F40 /* Sources */ = {
			isa = PBXSourcesBuildPhase;
			buildActionMask = 2147483647;
			files = (
				39228FF82BAC702100C91F40 /* DoggysUITests.swift in Sources */,
				39228FFA2BAC702100C91F40 /* DoggysUITestsLaunchTests.swift in Sources */,
			);
			runOnlyForDeploymentPostprocessing = 0;
		};
/* End PBXSourcesBuildPhase section */

/* Begin PBXTargetDependency section */
		39228FEB2BAC702100C91F40 /* PBXTargetDependency */ = {
			isa = PBXTargetDependency;
			target = 39228FD82BAC701F00C91F40 /* Doggys */;
			targetProxy = 39228FEA2BAC702100C91F40 /* PBXContainerItemProxy */;
		};
		39228FF52BAC702100C91F40 /* PBXTargetDependency */ = {
			isa = PBXTargetDependency;
			target = 39228FD82BAC701F00C91F40 /* Doggys */;
			targetProxy = 39228FF42BAC702100C91F40 /* PBXContainerItemProxy */;
		};
/* End PBXTargetDependency section */

/* Begin XCBuildConfiguration section */
		39228FFB2BAC702100C91F40 /* Debug */ = {
			isa = XCBuildConfiguration;
			buildSettings = {
				ALWAYS_SEARCH_USER_PATHS = NO;
				ASSETCATALOG_COMPILER_GENERATE_SWIFT_ASSET_SYMBOL_EXTENSIONS = YES;
				CLANG_ANALYZER_NONNULL = YES;
				CLANG_ANALYZER_NUMBER_OBJECT_CONVERSION = YES_AGGRESSIVE;
				CLANG_CXX_LANGUAGE_STANDARD = "gnu++20";
				CLANG_ENABLE_MODULES = YES;
				CLANG_ENABLE_OBJC_ARC = YES;
				CLANG_ENABLE_OBJC_WEAK = YES;
				CLANG_WARN_BLOCK_CAPTURE_AUTORELEASING = YES;
				CLANG_WARN_BOOL_CONVERSION = YES;
				CLANG_WARN_COMMA = YES;
				CLANG_WARN_CONSTANT_CONVERSION = YES;
				CLANG_WARN_DEPRECATED_OBJC_IMPLEMENTATIONS = YES;
				CLANG_WARN_DIRECT_OBJC_ISA_USAGE = YES_ERROR;
				CLANG_WARN_DOCUMENTATION_COMMENTS = YES;
				CLANG_WARN_EMPTY_BODY = YES;
				CLANG_WARN_ENUM_CONVERSION = YES;
				CLANG_WARN_INFINITE_RECURSION = YES;
				CLANG_WARN_INT_CONVERSION = YES;
				CLANG_WARN_NON_LITERAL_NULL_CONVERSION = YES;
				CLANG_WARN_OBJC_IMPLICIT_RETAIN_SELF = YES;
				CLANG_WARN_OBJC_LITERAL_CONVERSION = YES;
				CLANG_WARN_OBJC_ROOT_CLASS = YES_ERROR;
				CLANG_WARN_QUOTED_INCLUDE_IN_FRAMEWORK_HEADER = YES;
				CLANG_WARN_RANGE_LOOP_ANALYSIS = YES;
				CLANG_WARN_STRICT_PROTOTYPES = YES;
				CLANG_WARN_SUSPICIOUS_MOVE = YES;
				CLANG_WARN_UNGUARDED_AVAILABILITY = YES_AGGRESSIVE;
				CLANG_WARN_UNREACHABLE_CODE = YES;
				CLANG_WARN__DUPLICATE_METHOD_MATCH = YES;
				COPY_PHASE_STRIP = NO;
				DEBUG_INFORMATION_FORMAT = dwarf;
				ENABLE_STRICT_OBJC_MSGSEND = YES;
				ENABLE_TESTABILITY = YES;
				ENABLE_USER_SCRIPT_SANDBOXING = YES;
				GCC_C_LANGUAGE_STANDARD = gnu17;
				GCC_DYNAMIC_NO_PIC = NO;
				GCC_NO_COMMON_BLOCKS = YES;
				GCC_OPTIMIZATION_LEVEL = 0;
				GCC_PREPROCESSOR_DEFINITIONS = (
					"DEBUG=1",
					"$(inherited)",
				);
				GCC_WARN_64_TO_32_BIT_CONVERSION = YES;
				GCC_WARN_ABOUT_RETURN_TYPE = YES_ERROR;
				GCC_WARN_UNDECLARED_SELECTOR = YES;
				GCC_WARN_UNINITIALIZED_AUTOS = YES_AGGRESSIVE;
				GCC_WARN_UNUSED_FUNCTION = YES;
				GCC_WARN_UNUSED_VARIABLE = YES;
				IPHONEOS_DEPLOYMENT_TARGET = 17.0;
				LOCALIZATION_PREFERS_STRING_CATALOGS = YES;
				MTL_ENABLE_DEBUG_INFO = INCLUDE_SOURCE;
				MTL_FAST_MATH = YES;
				ONLY_ACTIVE_ARCH = YES;
				SDKROOT = iphoneos;
				SWIFT_ACTIVE_COMPILATION_CONDITIONS = "DEBUG $(inherited)";
				SWIFT_OPTIMIZATION_LEVEL = "-Onone";
			};
			name = Debug;
		};
		39228FFC2BAC702100C91F40 /* Release */ = {
			isa = XCBuildConfiguration;
			buildSettings = {
				ALWAYS_SEARCH_USER_PATHS = NO;
				ASSETCATALOG_COMPILER_GENERATE_SWIFT_ASSET_SYMBOL_EXTENSIONS = YES;
				CLANG_ANALYZER_NONNULL = YES;
				CLANG_ANALYZER_NUMBER_OBJECT_CONVERSION = YES_AGGRESSIVE;
				CLANG_CXX_LANGUAGE_STANDARD = "gnu++20";
				CLANG_ENABLE_MODULES = YES;
				CLANG_ENABLE_OBJC_ARC = YES;
				CLANG_ENABLE_OBJC_WEAK = YES;
				CLANG_WARN_BLOCK_CAPTURE_AUTORELEASING = YES;
				CLANG_WARN_BOOL_CONVERSION = YES;
				CLANG_WARN_COMMA = YES;
				CLANG_WARN_CONSTANT_CONVERSION = YES;
				CLANG_WARN_DEPRECATED_OBJC_IMPLEMENTATIONS = YES;
				CLANG_WARN_DIRECT_OBJC_ISA_USAGE = YES_ERROR;
				CLANG_WARN_DOCUMENTATION_COMMENTS = YES;
				CLANG_WARN_EMPTY_BODY = YES;
				CLANG_WARN_ENUM_CONVERSION = YES;
				CLANG_WARN_INFINITE_RECURSION = YES;
				CLANG_WARN_INT_CONVERSION = YES;
				CLANG_WARN_NON_LITERAL_NULL_CONVERSION = YES;
				CLANG_WARN_OBJC_IMPLICIT_RETAIN_SELF = YES;
				CLANG_WARN_OBJC_LITERAL_CONVERSION = YES;
				CLANG_WARN_OBJC_ROOT_CLASS = YES_ERROR;
				CLANG_WARN_QUOTED_INCLUDE_IN_FRAMEWORK_HEADER = YES;
				CLANG_WARN_RANGE_LOOP_ANALYSIS = YES;
				CLANG_WARN_STRICT_PROTOTYPES = YES;
				CLANG_WARN_SUSPICIOUS_MOVE = YES;
				CLANG_WARN_UNGUARDED_AVAILABILITY = YES_AGGRESSIVE;
				CLANG_WARN_UNREACHABLE_CODE = YES;
				CLANG_WARN__DUPLICATE_METHOD_MATCH = YES;
				COPY_PHASE_STRIP = NO;
				DEBUG_INFORMATION_FORMAT = "dwarf-with-dsym";
				ENABLE_NS_ASSERTIONS = NO;
				ENABLE_STRICT_OBJC_MSGSEND = YES;
				ENABLE_USER_SCRIPT_SANDBOXING = YES;
				GCC_C_LANGUAGE_STANDARD = gnu17;
				GCC_NO_COMMON_BLOCKS = YES;
				GCC_WARN_64_TO_32_BIT_CONVERSION = YES;
				GCC_WARN_ABOUT_RETURN_TYPE = YES_ERROR;
				GCC_WARN_UNDECLARED_SELECTOR = YES;
				GCC_WARN_UNINITIALIZED_AUTOS = YES_AGGRESSIVE;
				GCC_WARN_UNUSED_FUNCTION = YES;
				GCC_WARN_UNUSED_VARIABLE = YES;
				IPHONEOS_DEPLOYMENT_TARGET = 17.0;
				LOCALIZATION_PREFERS_STRING_CATALOGS = YES;
				MTL_ENABLE_DEBUG_INFO = NO;
				MTL_FAST_MATH = YES;
				SDKROOT = iphoneos;
				SWIFT_COMPILATION_MODE = wholemodule;
				VALIDATE_PRODUCT = YES;
			};
			name = Release;
		};
		39228FFE2BAC702100C91F40 /* Debug */ = {
			isa = XCBuildConfiguration;
			buildSettings = {
				ASSETCATALOG_COMPILER_APPICON_NAME = AppIcon;
				ASSETCATALOG_COMPILER_GLOBAL_ACCENT_COLOR_NAME = AccentColor;
				CODE_SIGN_STYLE = Automatic;
				CURRENT_PROJECT_VERSION = 1;
				DEVELOPMENT_ASSET_PATHS = "\"Doggys/Preview Content\"";
				ENABLE_PREVIEWS = YES;
				GENERATE_INFOPLIST_FILE = YES;
				INFOPLIST_KEY_UIApplicationSceneManifest_Generation = YES;
				INFOPLIST_KEY_UIApplicationSupportsIndirectInputEvents = YES;
				INFOPLIST_KEY_UILaunchScreen_Generation = YES;
				INFOPLIST_KEY_UISupportedInterfaceOrientations_iPad = "UIInterfaceOrientationPortrait UIInterfaceOrientationPortraitUpsideDown UIInterfaceOrientationLandscapeLeft UIInterfaceOrientationLandscapeRight";
				INFOPLIST_KEY_UISupportedInterfaceOrientations_iPhone = "UIInterfaceOrientationPortrait UIInterfaceOrientationLandscapeLeft UIInterfaceOrientationLandscapeRight";
				LD_RUNPATH_SEARCH_PATHS = (
					"$(inherited)",
					"@executable_path/Frameworks",
				);
				MARKETING_VERSION = 1.0;
				PRODUCT_BUNDLE_IDENTIFIER = pabloMarke.Doggys;
				PRODUCT_NAME = "$(TARGET_NAME)";
				SWIFT_EMIT_LOC_STRINGS = YES;
				SWIFT_VERSION = 5.0;
				TARGETED_DEVICE_FAMILY = "1,2";
			};
			name = Debug;
		};
		39228FFF2BAC702100C91F40 /* Release */ = {
			isa = XCBuildConfiguration;
			buildSettings = {
				ASSETCATALOG_COMPILER_APPICON_NAME = AppIcon;
				ASSETCATALOG_COMPILER_GLOBAL_ACCENT_COLOR_NAME = AccentColor;
				CODE_SIGN_STYLE = Automatic;
				CURRENT_PROJECT_VERSION = 1;
				DEVELOPMENT_ASSET_PATHS = "\"Doggys/Preview Content\"";
				ENABLE_PREVIEWS = YES;
				GENERATE_INFOPLIST_FILE = YES;
				INFOPLIST_KEY_UIApplicationSceneManifest_Generation = YES;
				INFOPLIST_KEY_UIApplicationSupportsIndirectInputEvents = YES;
				INFOPLIST_KEY_UILaunchScreen_Generation = YES;
				INFOPLIST_KEY_UISupportedInterfaceOrientations_iPad = "UIInterfaceOrientationPortrait UIInterfaceOrientationPortraitUpsideDown UIInterfaceOrientationLandscapeLeft UIInterfaceOrientationLandscapeRight";
				INFOPLIST_KEY_UISupportedInterfaceOrientations_iPhone = "UIInterfaceOrientationPortrait UIInterfaceOrientationLandscapeLeft UIInterfaceOrientationLandscapeRight";
				LD_RUNPATH_SEARCH_PATHS = (
					"$(inherited)",
					"@executable_path/Frameworks",
				);
				MARKETING_VERSION = 1.0;
				PRODUCT_BUNDLE_IDENTIFIER = pabloMarke.Doggys;
				PRODUCT_NAME = "$(TARGET_NAME)";
				SWIFT_EMIT_LOC_STRINGS = YES;
				SWIFT_VERSION = 5.0;
				TARGETED_DEVICE_FAMILY = "1,2";
			};
			name = Release;
		};
		392290012BAC702100C91F40 /* Debug */ = {
			isa = XCBuildConfiguration;
			buildSettings = {
				ALWAYS_EMBED_SWIFT_STANDARD_LIBRARIES = YES;
				BUNDLE_LOADER = "$(TEST_HOST)";
				CODE_SIGN_STYLE = Automatic;
				CURRENT_PROJECT_VERSION = 1;
				GENERATE_INFOPLIST_FILE = YES;
				IPHONEOS_DEPLOYMENT_TARGET = 17.0;
				MARKETING_VERSION = 1.0;
				PRODUCT_BUNDLE_IDENTIFIER = pabloMarke.DoggysTests;
				PRODUCT_NAME = "$(TARGET_NAME)";
				SWIFT_EMIT_LOC_STRINGS = NO;
				SWIFT_VERSION = 5.0;
				TARGETED_DEVICE_FAMILY = "1,2";
				TEST_HOST = "$(BUILT_PRODUCTS_DIR)/Doggys.app/$(BUNDLE_EXECUTABLE_FOLDER_PATH)/Doggys";
			};
			name = Debug;
		};
		392290022BAC702100C91F40 /* Release */ = {
			isa = XCBuildConfiguration;
			buildSettings = {
				ALWAYS_EMBED_SWIFT_STANDARD_LIBRARIES = YES;
				BUNDLE_LOADER = "$(TEST_HOST)";
				CODE_SIGN_STYLE = Automatic;
				CURRENT_PROJECT_VERSION = 1;
				GENERATE_INFOPLIST_FILE = YES;
				IPHONEOS_DEPLOYMENT_TARGET = 17.0;
				MARKETING_VERSION = 1.0;
				PRODUCT_BUNDLE_IDENTIFIER = pabloMarke.DoggysTests;
				PRODUCT_NAME = "$(TARGET_NAME)";
				SWIFT_EMIT_LOC_STRINGS = NO;
				SWIFT_VERSION = 5.0;
				TARGETED_DEVICE_FAMILY = "1,2";
				TEST_HOST = "$(BUILT_PRODUCTS_DIR)/Doggys.app/$(BUNDLE_EXECUTABLE_FOLDER_PATH)/Doggys";
			};
			name = Release;
		};
		392290042BAC702100C91F40 /* Debug */ = {
			isa = XCBuildConfiguration;
			buildSettings = {
				ALWAYS_EMBED_SWIFT_STANDARD_LIBRARIES = YES;
				CODE_SIGN_STYLE = Automatic;
				CURRENT_PROJECT_VERSION = 1;
				GENERATE_INFOPLIST_FILE = YES;
				MARKETING_VERSION = 1.0;
				PRODUCT_BUNDLE_IDENTIFIER = pabloMarke.DoggysUITests;
				PRODUCT_NAME = "$(TARGET_NAME)";
				SWIFT_EMIT_LOC_STRINGS = NO;
				SWIFT_VERSION = 5.0;
				TARGETED_DEVICE_FAMILY = "1,2";
				TEST_TARGET_NAME = Doggys;
			};
			name = Debug;
		};
		392290052BAC702100C91F40 /* Release */ = {
			isa = XCBuildConfiguration;
			buildSettings = {
				ALWAYS_EMBED_SWIFT_STANDARD_LIBRARIES = YES;
				CODE_SIGN_STYLE = Automatic;
				CURRENT_PROJECT_VERSION = 1;
				GENERATE_INFOPLIST_FILE = YES;
				MARKETING_VERSION = 1.0;
				PRODUCT_BUNDLE_IDENTIFIER = pabloMarke.DoggysUITests;
				PRODUCT_NAME = "$(TARGET_NAME)";
				SWIFT_EMIT_LOC_STRINGS = NO;
				SWIFT_VERSION = 5.0;
				TARGETED_DEVICE_FAMILY = "1,2";
				TEST_TARGET_NAME = Doggys;
			};
			name = Release;
		};
/* End XCBuildConfiguration section */

/* Begin XCConfigurationList section */
		39228FD42BAC701E00C91F40 /* Build configuration list for PBXProject "Doggys" */ = {
			isa = XCConfigurationList;
			buildConfigurations = (
				39228FFB2BAC702100C91F40 /* Debug */,
				39228FFC2BAC702100C91F40 /* Release */,
			);
			defaultConfigurationIsVisible = 0;
			defaultConfigurationName = Release;
		};
		39228FFD2BAC702100C91F40 /* Build configuration list for PBXNativeTarget "Doggys" */ = {
			isa = XCConfigurationList;
			buildConfigurations = (
				39228FFE2BAC702100C91F40 /* Debug */,
				39228FFF2BAC702100C91F40 /* Release */,
			);
			defaultConfigurationIsVisible = 0;
			defaultConfigurationName = Release;
		};
		392290002BAC702100C91F40 /* Build configuration list for PBXNativeTarget "DoggysTests" */ = {
			isa = XCConfigurationList;
			buildConfigurations = (
				392290012BAC702100C91F40 /* Debug */,
				392290022BAC702100C91F40 /* Release */,
			);
			defaultConfigurationIsVisible = 0;
			defaultConfigurationName = Release;
		};
		392290032BAC702100C91F40 /* Build configuration list for PBXNativeTarget "DoggysUITests" */ = {
			isa = XCConfigurationList;
			buildConfigurations = (
				392290042BAC702100C91F40 /* Debug */,
				392290052BAC702100C91F40 /* Release */,
			);
			defaultConfigurationIsVisible = 0;
			defaultConfigurationName = Release;
		};
/* End XCConfigurationList section */
	};
	rootObject = 39228FD12BAC701E00C91F40 /* Project object */;
}
